Microsoft Visual Studio Solution File, Format Version 12.00
# Visual Studio 15
VisualStudioVersion = 15.0.27130.2027
MinimumVisualStudioVersion = 10.0.40219.1
Project("{FAE04EC0-301F-11D3-BF4B-00C04F79EFBC}") = "Plugin.FilePicker.Sample.Forms", "Plugin.FilePicker.Sample.Forms\Forms\Plugin.FilePicker.Sample.Forms.csproj", "{BC539575-3B77-4A4A-8F3A-2203BB590674}"
EndProject
Project("{FAE04EC0-301F-11D3-BF4B-00C04F79EFBC}") = "Plugin.FilePicker.Sample.Forms.iOS", "Plugin.FilePicker.Sample.Forms\iOS\Plugin.FilePicker.Sample.Forms.iOS.csproj", "{32F6F5E8-CD92-40E5-B088-2C5D258AB9DE}"
EndProject
Project("{FAE04EC0-301F-11D3-BF4B-00C04F79EFBC}") = "Plugin.FilePicker.Sample.Forms.Droid", "Plugin.FilePicker.Sample.Forms\Droid\Plugin.FilePicker.Sample.Forms.Droid.csproj", "{2A72EE4A-F43F-465D-BCAC-B953494B05CE}"
EndProject
Project("{9A19103F-16F7-4668-BE54-9A1E7A4F7556}") = "Plugin.FilePicker", "..\src\Plugin.FilePicker\Plugin.FilePicker\Plugin.FilePicker.csproj", "{A6FCEF44-D2BA-42C7-B3CB-13667BCD7B54}"
EndProject
Project("{9A19103F-16F7-4668-BE54-9A1E7A4F7556}") = "Plugin.FilePicker.Abstractions", "..\src\Plugin.FilePicker\Plugin.FilePicker.Abstractions\Plugin.FilePicker.Abstractions.csproj", "{6EDB0588-FFC5-4EF5-8A99-9E241D0F878D}"
EndProject
Project("{FAE04EC0-301F-11D3-BF4B-00C04F79EFBC}") = "Plugin.FilePicker.Android", "..\src\Plugin.FilePicker\Plugin.FilePicker.Android\Plugin.FilePicker.Android.csproj", "{56A56F17-7DE1-4CA1-9617-BF32E971AC84}"
EndProject
Project("{FAE04EC0-301F-11D3-BF4B-00C04F79EFBC}") = "Plugin.FilePicker.iOS", "..\src\Plugin.FilePicker\Plugin.FilePicker.iOS\Plugin.FilePicker.iOS.csproj", "{2882AEEB-D4CD-4EB9-8A6C-6653B33681F0}"
EndProject
Project("{FAE04EC0-301F-11D3-BF4B-00C04F79EFBC}") = "Plugin.FilePicker.Sample.Forms.UWP", "Plugin.FilePicker.Sample.Forms\UWP\Plugin.FilePicker.Sample.Forms.UWP.csproj", "{0F751E6D-BF0E-4BEE-AD43-4DA1AABB5211}"
EndProject
Project("{FAE04EC0-301F-11D3-BF4B-00C04F79EFBC}") = "Plugin.FilePicker.UWP", "..\src\Plugin.FilePicker\Plugin.FilePicker.UWP\Plugin.FilePicker.UWP.csproj", "{E34B516D-C0D8-450F-9DB0-BB6A5B04AEF1}"
EndProject
Global
	GlobalSection(SolutionConfigurationPlatforms) = preSolution
		Debug|Any CPU = Debug|Any CPU
		Debug|ARM = Debug|ARM
		Debug|iPhone = Debug|iPhone
		Debug|iPhoneSimulator = Debug|iPhoneSimulator
		Debug|x64 = Debug|x64
		Debug|x86 = Debug|x86
		Release|Any CPU = Release|Any CPU
		Release|ARM = Release|ARM
		Release|iPhone = Release|iPhone
		Release|iPhoneSimulator = Release|iPhoneSimulator
		Release|x64 = Release|x64
		Release|x86 = Release|x86
	EndGlobalSection
	GlobalSection(ProjectConfigurationPlatforms) = postSolution
		{BC539575-3B77-4A4A-8F3A-2203BB590674}.Debug|Any CPU.ActiveCfg = Debug|Any CPU
		{BC539575-3B77-4A4A-8F3A-2203BB590674}.Debug|Any CPU.Build.0 = Debug|Any CPU
		{BC539575-3B77-4A4A-8F3A-2203BB590674}.Debug|ARM.ActiveCfg = Debug|Any CPU
		{BC539575-3B77-4A4A-8F3A-2203BB590674}.Debug|ARM.Build.0 = Debug|Any CPU
		{BC539575-3B77-4A4A-8F3A-2203BB590674}.Debug|iPhone.ActiveCfg = Debug|Any CPU
		{BC539575-3B77-4A4A-8F3A-2203BB590674}.Debug|iPhone.Build.0 = Debug|Any CPU
		{BC539575-3B77-4A4A-8F3A-2203BB590674}.Debug|iPhoneSimulator.ActiveCfg = Debug|Any CPU
		{BC539575-3B77-4A4A-8F3A-2203BB590674}.Debug|iPhoneSimulator.Build.0 = Debug|Any CPU
		{BC539575-3B77-4A4A-8F3A-2203BB590674}.Debug|x64.ActiveCfg = Debug|Any CPU
		{BC539575-3B77-4A4A-8F3A-2203BB590674}.Debug|x64.Build.0 = Debug|Any CPU
		{BC539575-3B77-4A4A-8F3A-2203BB590674}.Debug|x86.ActiveCfg = Debug|Any CPU
		{BC539575-3B77-4A4A-8F3A-2203BB590674}.Debug|x86.Build.0 = Debug|Any CPU
		{BC539575-3B77-4A4A-8F3A-2203BB590674}.Release|Any CPU.ActiveCfg = Release|Any CPU
		{BC539575-3B77-4A4A-8F3A-2203BB590674}.Release|Any CPU.Build.0 = Release|Any CPU
		{BC539575-3B77-4A4A-8F3A-2203BB590674}.Release|ARM.ActiveCfg = Release|Any CPU
		{BC539575-3B77-4A4A-8F3A-2203BB590674}.Release|ARM.Build.0 = Release|Any CPU
		{BC539575-3B77-4A4A-8F3A-2203BB590674}.Release|iPhone.ActiveCfg = Release|Any CPU
		{BC539575-3B77-4A4A-8F3A-2203BB590674}.Release|iPhone.Build.0 = Release|Any CPU
		{BC539575-3B77-4A4A-8F3A-2203BB590674}.Release|iPhoneSimulator.ActiveCfg = Release|Any CPU
		{BC539575-3B77-4A4A-8F3A-2203BB590674}.Release|iPhoneSimulator.Build.0 = Release|Any CPU
		{BC539575-3B77-4A4A-8F3A-2203BB590674}.Release|x64.ActiveCfg = Release|Any CPU
		{BC539575-3B77-4A4A-8F3A-2203BB590674}.Release|x64.Build.0 = Release|Any CPU
		{BC539575-3B77-4A4A-8F3A-2203BB590674}.Release|x86.ActiveCfg = Release|Any CPU
		{BC539575-3B77-4A4A-8F3A-2203BB590674}.Release|x86.Build.0 = Release|Any CPU
		{32F6F5E8-CD92-40E5-B088-2C5D258AB9DE}.Debug|Any CPU.ActiveCfg = Debug|iPhoneSimulator
		{32F6F5E8-CD92-40E5-B088-2C5D258AB9DE}.Debug|Any CPU.Build.0 = Debug|iPhoneSimulator
		{32F6F5E8-CD92-40E5-B088-2C5D258AB9DE}.Debug|ARM.ActiveCfg = Debug|iPhone
		{32F6F5E8-CD92-40E5-B088-2C5D258AB9DE}.Debug|iPhone.ActiveCfg = Debug|iPhone
		{32F6F5E8-CD92-40E5-B088-2C5D258AB9DE}.Debug|iPhone.Build.0 = Debug|iPhone
		{32F6F5E8-CD92-40E5-B088-2C5D258AB9DE}.Debug|iPhoneSimulator.ActiveCfg = Debug|iPhoneSimulator
		{32F6F5E8-CD92-40E5-B088-2C5D258AB9DE}.Debug|iPhoneSimulator.Build.0 = Debug|iPhoneSimulator
		{32F6F5E8-CD92-40E5-B088-2C5D258AB9DE}.Debug|x64.ActiveCfg = Debug|iPhone
		{32F6F5E8-CD92-40E5-B088-2C5D258AB9DE}.Debug|x86.ActiveCfg = Debug|iPhone
		{32F6F5E8-CD92-40E5-B088-2C5D258AB9DE}.Release|Any CPU.ActiveCfg = Release|iPhone
		{32F6F5E8-CD92-40E5-B088-2C5D258AB9DE}.Release|Any CPU.Build.0 = Release|iPhone
		{32F6F5E8-CD92-40E5-B088-2C5D258AB9DE}.Release|ARM.ActiveCfg = Release|iPhoneSimulator
		{32F6F5E8-CD92-40E5-B088-2C5D258AB9DE}.Release|iPhone.ActiveCfg = Release|iPhone
		{32F6F5E8-CD92-40E5-B088-2C5D258AB9DE}.Release|iPhone.Build.0 = Release|iPhone
		{32F6F5E8-CD92-40E5-B088-2C5D258AB9DE}.Release|iPhoneSimulator.ActiveCfg = Release|iPhoneSimulator
		{32F6F5E8-CD92-40E5-B088-2C5D258AB9DE}.Release|iPhoneSimulator.Build.0 = Release|iPhoneSimulator
		{32F6F5E8-CD92-40E5-B088-2C5D258AB9DE}.Release|x64.ActiveCfg = Release|iPhoneSimulator
		{32F6F5E8-CD92-40E5-B088-2C5D258AB9DE}.Release|x86.ActiveCfg = Release|iPhoneSimulator
		{2A72EE4A-F43F-465D-BCAC-B953494B05CE}.Debug|Any CPU.ActiveCfg = Debug|Any CPU
		{2A72EE4A-F43F-465D-BCAC-B953494B05CE}.Debug|Any CPU.Build.0 = Debug|Any CPU
		{2A72EE4A-F43F-465D-BCAC-B953494B05CE}.Debug|Any CPU.Deploy.0 = Debug|Any CPU
		{2A72EE4A-F43F-465D-BCAC-B953494B05CE}.Debug|ARM.ActiveCfg = Debug|Any CPU
		{2A72EE4A-F43F-465D-BCAC-B953494B05CE}.Debug|ARM.Build.0 = Debug|Any CPU
		{2A72EE4A-F43F-465D-BCAC-B953494B05CE}.Debug|ARM.Deploy.0 = Debug|Any CPU
		{2A72EE4A-F43F-465D-BCAC-B953494B05CE}.Debug|iPhone.ActiveCfg = Debug|Any CPU
		{2A72EE4A-F43F-465D-BCAC-B953494B05CE}.Debug|iPhone.Build.0 = Debug|Any CPU
		{2A72EE4A-F43F-465D-BCAC-B953494B05CE}.Debug|iPhoneSimulator.ActiveCfg = Debug|Any CPU
		{2A72EE4A-F43F-465D-BCAC-B953494B05CE}.Debug|iPhoneSimulator.Build.0 = Debug|Any CPU
		{2A72EE4A-F43F-465D-BCAC-B953494B05CE}.Debug|x64.ActiveCfg = Debug|Any CPU
		{2A72EE4A-F43F-465D-BCAC-B953494B05CE}.Debug|x64.Build.0 = Debug|Any CPU
		{2A72EE4A-F43F-465D-BCAC-B953494B05CE}.Debug|x64.Deploy.0 = Debug|Any CPU
		{2A72EE4A-F43F-465D-BCAC-B953494B05CE}.Debug|x86.ActiveCfg = Debug|Any CPU
		{2A72EE4A-F43F-465D-BCAC-B953494B05CE}.Debug|x86.Build.0 = Debug|Any CPU
		{2A72EE4A-F43F-465D-BCAC-B953494B05CE}.Debug|x86.Deploy.0 = Debug|Any CPU
		{2A72EE4A-F43F-465D-BCAC-B953494B05CE}.Release|Any CPU.ActiveCfg = Release|Any CPU
		{2A72EE4A-F43F-465D-BCAC-B953494B05CE}.Release|Any CPU.Build.0 = Release|Any CPU
		{2A72EE4A-F43F-465D-BCAC-B953494B05CE}.Release|Any CPU.Deploy.0 = Release|Any CPU
		{2A72EE4A-F43F-465D-BCAC-B953494B05CE}.Release|ARM.ActiveCfg = Release|Any CPU
		{2A72EE4A-F43F-465D-BCAC-B953494B05CE}.Release|ARM.Build.0 = Release|Any CPU
		{2A72EE4A-F43F-465D-BCAC-B953494B05CE}.Release|ARM.Deploy.0 = Release|Any CPU
		{2A72EE4A-F43F-465D-BCAC-B953494B05CE}.Release|iPhone.ActiveCfg = Release|Any CPU
		{2A72EE4A-F43F-465D-BCAC-B953494B05CE}.Release|iPhone.Build.0 = Release|Any CPU
		{2A72EE4A-F43F-465D-BCAC-B953494B05CE}.Release|iPhoneSimulator.ActiveCfg = Release|Any CPU
		{2A72EE4A-F43F-465D-BCAC-B953494B05CE}.Release|iPhoneSimulator.Build.0 = Release|Any CPU
		{2A72EE4A-F43F-465D-BCAC-B953494B05CE}.Release|x64.ActiveCfg = Release|Any CPU
		{2A72EE4A-F43F-465D-BCAC-B953494B05CE}.Release|x64.Build.0 = Release|Any CPU
		{2A72EE4A-F43F-465D-BCAC-B953494B05CE}.Release|x64.Deploy.0 = Release|Any CPU
		{2A72EE4A-F43F-465D-BCAC-B953494B05CE}.Release|x86.ActiveCfg = Release|Any CPU
		{2A72EE4A-F43F-465D-BCAC-B953494B05CE}.Release|x86.Build.0 = Release|Any CPU
		{2A72EE4A-F43F-465D-BCAC-B953494B05CE}.Release|x86.Deploy.0 = Release|Any CPU
		{A6FCEF44-D2BA-42C7-B3CB-13667BCD7B54}.Debug|Any CPU.ActiveCfg = Debug|Any CPU
		{A6FCEF44-D2BA-42C7-B3CB-13667BCD7B54}.Debug|Any CPU.Build.0 = Debug|Any CPU
		{A6FCEF44-D2BA-42C7-B3CB-13667BCD7B54}.Debug|ARM.ActiveCfg = Debug|Any CPU
		{A6FCEF44-D2BA-42C7-B3CB-13667BCD7B54}.Debug|ARM.Build.0 = Debug|Any CPU
		{A6FCEF44-D2BA-42C7-B3CB-13667BCD7B54}.Debug|iPhone.ActiveCfg = Debug|Any CPU
		{A6FCEF44-D2BA-42C7-B3CB-13667BCD7B54}.Debug|iPhone.Build.0 = Debug|Any CPU
		{A6FCEF44-D2BA-42C7-B3CB-13667BCD7B54}.Debug|iPhoneSimulator.ActiveCfg = Debug|Any CPU
		{A6FCEF44-D2BA-42C7-B3CB-13667BCD7B54}.Debug|iPhoneSimulator.Build.0 = Debug|Any CPU
		{A6FCEF44-D2BA-42C7-B3CB-13667BCD7B54}.Debug|x64.ActiveCfg = Debug|Any CPU
		{A6FCEF44-D2BA-42C7-B3CB-13667BCD7B54}.Debug|x64.Build.0 = Debug|Any CPU
		{A6FCEF44-D2BA-42C7-B3CB-13667BCD7B54}.Debug|x86.ActiveCfg = Debug|Any CPU
		{A6FCEF44-D2BA-42C7-B3CB-13667BCD7B54}.Debug|x86.Build.0 = Debug|Any CPU
		{A6FCEF44-D2BA-42C7-B3CB-13667BCD7B54}.Release|Any CPU.ActiveCfg = Release|Any CPU
		{A6FCEF44-D2BA-42C7-B3CB-13667BCD7B54}.Release|Any CPU.Build.0 = Release|Any CPU
		{A6FCEF44-D2BA-42C7-B3CB-13667BCD7B54}.Release|ARM.ActiveCfg = Release|Any CPU
		{A6FCEF44-D2BA-42C7-B3CB-13667BCD7B54}.Release|ARM.Build.0 = Release|Any CPU
		{A6FCEF44-D2BA-42C7-B3CB-13667BCD7B54}.Release|iPhone.ActiveCfg = Release|Any CPU
		{A6FCEF44-D2BA-42C7-B3CB-13667BCD7B54}.Release|iPhone.Build.0 = Release|Any CPU
		{A6FCEF44-D2BA-42C7-B3CB-13667BCD7B54}.Release|iPhoneSimulator.ActiveCfg = Release|Any CPU
		{A6FCEF44-D2BA-42C7-B3CB-13667BCD7B54}.Release|iPhoneSimulator.Build.0 = Release|Any CPU
		{A6FCEF44-D2BA-42C7-B3CB-13667BCD7B54}.Release|x64.ActiveCfg = Release|Any CPU
		{A6FCEF44-D2BA-42C7-B3CB-13667BCD7B54}.Release|x64.Build.0 = Release|Any CPU
		{A6FCEF44-D2BA-42C7-B3CB-13667BCD7B54}.Release|x86.ActiveCfg = Release|Any CPU
		{A6FCEF44-D2BA-42C7-B3CB-13667BCD7B54}.Release|x86.Build.0 = Release|Any CPU
		{6EDB0588-FFC5-4EF5-8A99-9E241D0F878D}.Debug|Any CPU.ActiveCfg = Debug|Any CPU
		{6EDB0588-FFC5-4EF5-8A99-9E241D0F878D}.Debug|Any CPU.Build.0 = Debug|Any CPU
		{6EDB0588-FFC5-4EF5-8A99-9E241D0F878D}.Debug|ARM.ActiveCfg = Debug|Any CPU
		{6EDB0588-FFC5-4EF5-8A99-9E241D0F878D}.Debug|ARM.Build.0 = Debug|Any CPU
		{6EDB0588-FFC5-4EF5-8A99-9E241D0F878D}.Debug|iPhone.ActiveCfg = Debug|Any CPU
		{6EDB0588-FFC5-4EF5-8A99-9E241D0F878D}.Debug|iPhone.Build.0 = Debug|Any CPU
		{6EDB0588-FFC5-4EF5-8A99-9E241D0F878D}.Debug|iPhoneSimulator.ActiveCfg = Debug|Any CPU
		{6EDB0588-FFC5-4EF5-8A99-9E241D0F878D}.Debug|iPhoneSimulator.Build.0 = Debug|Any CPU
		{6EDB0588-FFC5-4EF5-8A99-9E241D0F878D}.Debug|x64.ActiveCfg = Debug|Any CPU
		{6EDB0588-FFC5-4EF5-8A99-9E241D0F878D}.Debug|x64.Build.0 = Debug|Any CPU
		{6EDB0588-FFC5-4EF5-8A99-9E241D0F878D}.Debug|x86.ActiveCfg = Debug|Any CPU
		{6EDB0588-FFC5-4EF5-8A99-9E241D0F878D}.Debug|x86.Build.0 = Debug|Any CPU
		{6EDB0588-FFC5-4EF5-8A99-9E241D0F878D}.Release|Any CPU.ActiveCfg = Release|Any CPU
		{6EDB0588-FFC5-4EF5-8A99-9E241D0F878D}.Release|Any CPU.Build.0 = Release|Any CPU
		{6EDB0588-FFC5-4EF5-8A99-9E241D0F878D}.Release|ARM.ActiveCfg = Release|Any CPU
		{6EDB0588-FFC5-4EF5-8A99-9E241D0F878D}.Release|ARM.Build.0 = Release|Any CPU
		{6EDB0588-FFC5-4EF5-8A99-9E241D0F878D}.Release|iPhone.ActiveCfg = Release|Any CPU
		{6EDB0588-FFC5-4EF5-8A99-9E241D0F878D}.Release|iPhone.Build.0 = Release|Any CPU
		{6EDB0588-FFC5-4EF5-8A99-9E241D0F878D}.Release|iPhoneSimulator.ActiveCfg = Release|Any CPU
		{6EDB0588-FFC5-4EF5-8A99-9E241D0F878D}.Release|iPhoneSimulator.Build.0 = Release|Any CPU
		{6EDB0588-FFC5-4EF5-8A99-9E241D0F878D}.Release|x64.ActiveCfg = Release|Any CPU
		{6EDB0588-FFC5-4EF5-8A99-9E241D0F878D}.Release|x64.Build.0 = Release|Any CPU
		{6EDB0588-FFC5-4EF5-8A99-9E241D0F878D}.Release|x86.ActiveCfg = Release|Any CPU
		{6EDB0588-FFC5-4EF5-8A99-9E241D0F878D}.Release|x86.Build.0 = Release|Any CPU
		{56A56F17-7DE1-4CA1-9617-BF32E971AC84}.Debug|Any CPU.ActiveCfg = Debug|Any CPU
		{56A56F17-7DE1-4CA1-9617-BF32E971AC84}.Debug|Any CPU.Build.0 = Debug|Any CPU
		{56A56F17-7DE1-4CA1-9617-BF32E971AC84}.Debug|ARM.ActiveCfg = Debug|Any CPU
		{56A56F17-7DE1-4CA1-9617-BF32E971AC84}.Debug|ARM.Build.0 = Debug|Any CPU
		{56A56F17-7DE1-4CA1-9617-BF32E971AC84}.Debug|iPhone.ActiveCfg = Debug|Any CPU
		{56A56F17-7DE1-4CA1-9617-BF32E971AC84}.Debug|iPhone.Build.0 = Debug|Any CPU
		{56A56F17-7DE1-4CA1-9617-BF32E971AC84}.Debug|iPhoneSimulator.ActiveCfg = Debug|Any CPU
		{56A56F17-7DE1-4CA1-9617-BF32E971AC84}.Debug|iPhoneSimulator.Build.0 = Debug|Any CPU
		{56A56F17-7DE1-4CA1-9617-BF32E971AC84}.Debug|x64.ActiveCfg = Debug|Any CPU
		{56A56F17-7DE1-4CA1-9617-BF32E971AC84}.Debug|x64.Build.0 = Debug|Any CPU
		{56A56F17-7DE1-4CA1-9617-BF32E971AC84}.Debug|x86.ActiveCfg = Debug|Any CPU
		{56A56F17-7DE1-4CA1-9617-BF32E971AC84}.Debug|x86.Build.0 = Debug|Any CPU
		{56A56F17-7DE1-4CA1-9617-BF32E971AC84}.Release|Any CPU.ActiveCfg = Release|Any CPU
		{56A56F17-7DE1-4CA1-9617-BF32E971AC84}.Release|Any CPU.Build.0 = Release|Any CPU
		{56A56F17-7DE1-4CA1-9617-BF32E971AC84}.Release|ARM.ActiveCfg = Release|Any CPU
		{56A56F17-7DE1-4CA1-9617-BF32E971AC84}.Release|ARM.Build.0 = Release|Any CPU
		{56A56F17-7DE1-4CA1-9617-BF32E971AC84}.Release|iPhone.ActiveCfg = Release|Any CPU
		{56A56F17-7DE1-4CA1-9617-BF32E971AC84}.Release|iPhone.Build.0 = Release|Any CPU
		{56A56F17-7DE1-4CA1-9617-BF32E971AC84}.Release|iPhoneSimulator.ActiveCfg = Release|Any CPU
		{56A56F17-7DE1-4CA1-9617-BF32E971AC84}.Release|iPhoneSimulator.Build.0 = Release|Any CPU
		{56A56F17-7DE1-4CA1-9617-BF32E971AC84}.Release|x64.ActiveCfg = Release|Any CPU
		{56A56F17-7DE1-4CA1-9617-BF32E971AC84}.Release|x64.Build.0 = Release|Any CPU
		{56A56F17-7DE1-4CA1-9617-BF32E971AC84}.Release|x86.ActiveCfg = Release|Any CPU
		{56A56F17-7DE1-4CA1-9617-BF32E971AC84}.Release|x86.Build.0 = Release|Any CPU
		{2882AEEB-D4CD-4EB9-8A6C-6653B33681F0}.Debug|Any CPU.ActiveCfg = Debug|Any CPU
		{2882AEEB-D4CD-4EB9-8A6C-6653B33681F0}.Debug|Any CPU.Build.0 = Debug|Any CPU
		{2882AEEB-D4CD-4EB9-8A6C-6653B33681F0}.Debug|ARM.ActiveCfg = Debug|Any CPU
		{2882AEEB-D4CD-4EB9-8A6C-6653B33681F0}.Debug|ARM.Build.0 = Debug|Any CPU
		{2882AEEB-D4CD-4EB9-8A6C-6653B33681F0}.Debug|iPhone.ActiveCfg = Debug|Any CPU
		{2882AEEB-D4CD-4EB9-8A6C-6653B33681F0}.Debug|iPhone.Build.0 = Debug|Any CPU
		{2882AEEB-D4CD-4EB9-8A6C-6653B33681F0}.Debug|iPhoneSimulator.ActiveCfg = Debug|Any CPU
		{2882AEEB-D4CD-4EB9-8A6C-6653B33681F0}.Debug|iPhoneSimulator.Build.0 = Debug|Any CPU
		{2882AEEB-D4CD-4EB9-8A6C-6653B33681F0}.Debug|x64.ActiveCfg = Debug|Any CPU
		{2882AEEB-D4CD-4EB9-8A6C-6653B33681F0}.Debug|x64.Build.0 = Debug|Any CPU
		{2882AEEB-D4CD-4EB9-8A6C-6653B33681F0}.Debug|x86.ActiveCfg = Debug|Any CPU
		{2882AEEB-D4CD-4EB9-8A6C-6653B33681F0}.Debug|x86.Build.0 = Debug|Any CPU
		{2882AEEB-D4CD-4EB9-8A6C-6653B33681F0}.Release|Any CPU.ActiveCfg = Release|Any CPU
		{2882AEEB-D4CD-4EB9-8A6C-6653B33681F0}.Release|Any CPU.Build.0 = Release|Any CPU
		{2882AEEB-D4CD-4EB9-8A6C-6653B33681F0}.Release|ARM.ActiveCfg = Release|Any CPU
		{2882AEEB-D4CD-4EB9-8A6C-6653B33681F0}.Release|ARM.Build.0 = Release|Any CPU
		{2882AEEB-D4CD-4EB9-8A6C-6653B33681F0}.Release|iPhone.ActiveCfg = Release|Any CPU
		{2882AEEB-D4CD-4EB9-8A6C-6653B33681F0}.Release|iPhone.Build.0 = Release|Any CPU
		{2882AEEB-D4CD-4EB9-8A6C-6653B33681F0}.Release|iPhoneSimulator.ActiveCfg = Release|Any CPU
		{2882AEEB-D4CD-4EB9-8A6C-6653B33681F0}.Release|iPhoneSimulator.Build.0 = Release|Any CPU
		{2882AEEB-D4CD-4EB9-8A6C-6653B33681F0}.Release|x64.ActiveCfg = Release|Any CPU
		{2882AEEB-D4CD-4EB9-8A6C-6653B33681F0}.Release|x64.Build.0 = Release|Any CPU
		{2882AEEB-D4CD-4EB9-8A6C-6653B33681F0}.Release|x86.ActiveCfg = Release|Any CPU
		{2882AEEB-D4CD-4EB9-8A6C-6653B33681F0}.Release|x86.Build.0 = Release|Any CPU
		{0F751E6D-BF0E-4BEE-AD43-4DA1AABB5211}.Debug|Any CPU.ActiveCfg = Debug|x86
		{0F751E6D-BF0E-4BEE-AD43-4DA1AABB5211}.Debug|ARM.ActiveCfg = Debug|ARM
		{0F751E6D-BF0E-4BEE-AD43-4DA1AABB5211}.Debug|ARM.Build.0 = Debug|ARM
		{0F751E6D-BF0E-4BEE-AD43-4DA1AABB5211}.Debug|ARM.Deploy.0 = Debug|ARM
		{0F751E6D-BF0E-4BEE-AD43-4DA1AABB5211}.Debug|iPhone.ActiveCfg = Debug|x86
		{0F751E6D-BF0E-4BEE-AD43-4DA1AABB5211}.Debug|iPhoneSimulator.ActiveCfg = Debug|x86
		{0F751E6D-BF0E-4BEE-AD43-4DA1AABB5211}.Debug|x64.ActiveCfg = Debug|x64
		{0F751E6D-BF0E-4BEE-AD43-4DA1AABB5211}.Debug|x64.Build.0 = Debug|x64
		{0F751E6D-BF0E-4BEE-AD43-4DA1AABB5211}.Debug|x64.Deploy.0 = Debug|x64
		{0F751E6D-BF0E-4BEE-AD43-4DA1AABB5211}.Debug|x86.ActiveCfg = Debug|x86
		{0F751E6D-BF0E-4BEE-AD43-4DA1AABB5211}.Debug|x86.Build.0 = Debug|x86
		{0F751E6D-BF0E-4BEE-AD43-4DA1AABB5211}.Debug|x86.Deploy.0 = Debug|x86
		{0F751E6D-BF0E-4BEE-AD43-4DA1AABB5211}.Release|Any CPU.ActiveCfg = Release|x86
		{0F751E6D-BF0E-4BEE-AD43-4DA1AABB5211}.Release|ARM.ActiveCfg = Release|ARM
		{0F751E6D-BF0E-4BEE-AD43-4DA1AABB5211}.Release|ARM.Build.0 = Release|ARM
		{0F751E6D-BF0E-4BEE-AD43-4DA1AABB5211}.Release|ARM.Deploy.0 = Release|ARM
		{0F751E6D-BF0E-4BEE-AD43-4DA1AABB5211}.Release|iPhone.ActiveCfg = Release|x86
		{0F751E6D-BF0E-4BEE-AD43-4DA1AABB5211}.Release|iPhoneSimulator.ActiveCfg = Release|x86
		{0F751E6D-BF0E-4BEE-AD43-4DA1AABB5211}.Release|x64.ActiveCfg = Release|x64
		{0F751E6D-BF0E-4BEE-AD43-4DA1AABB5211}.Release|x64.Build.0 = Release|x64
		{0F751E6D-BF0E-4BEE-AD43-4DA1AABB5211}.Release|x64.Deploy.0 = Release|x64
		{0F751E6D-BF0E-4BEE-AD43-4DA1AABB5211}.Release|x86.ActiveCfg = Release|x86
		{0F751E6D-BF0E-4BEE-AD43-4DA1AABB5211}.Release|x86.Build.0 = Release|x86
		{0F751E6D-BF0E-4BEE-AD43-4DA1AABB5211}.Release|x86.Deploy.0 = Release|x86
		{E34B516D-C0D8-450F-9DB0-BB6A5B04AEF1}.Debug|Any CPU.ActiveCfg = Debug|Any CPU
		{E34B516D-C0D8-450F-9DB0-BB6A5B04AEF1}.Debug|Any CPU.Build.0 = Debug|Any CPU
		{E34B516D-C0D8-450F-9DB0-BB6A5B04AEF1}.Debug|ARM.ActiveCfg = Debug|ARM
		{E34B516D-C0D8-450F-9DB0-BB6A5B04AEF1}.Debug|ARM.Build.0 = Debug|ARM
		{E34B516D-C0D8-450F-9DB0-BB6A5B04AEF1}.Debug|iPhone.ActiveCfg = Debug|Any CPU
		{E34B516D-C0D8-450F-9DB0-BB6A5B04AEF1}.Debug|iPhone.Build.0 = Debug|Any CPU
		{E34B516D-C0D8-450F-9DB0-BB6A5B04AEF1}.Debug|iPhoneSimulator.ActiveCfg = Debug|Any CPU
		{E34B516D-C0D8-450F-9DB0-BB6A5B04AEF1}.Debug|iPhoneSimulator.Build.0 = Debug|Any CPU
		{E34B516D-C0D8-450F-9DB0-BB6A5B04AEF1}.Debug|x64.ActiveCfg = Debug|x64
		{E34B516D-C0D8-450F-9DB0-BB6A5B04AEF1}.Debug|x64.Build.0 = Debug|x64
		{E34B516D-C0D8-450F-9DB0-BB6A5B04AEF1}.Debug|x86.ActiveCfg = Debug|x86
		{E34B516D-C0D8-450F-9DB0-BB6A5B04AEF1}.Debug|x86.Build.0 = Debug|x86
		{E34B516D-C0D8-450F-9DB0-BB6A5B04AEF1}.Release|Any CPU.ActiveCfg = Release|Any CPU
		{E34B516D-C0D8-450F-9DB0-BB6A5B04AEF1}.Release|Any CPU.Build.0 = Release|Any CPU
		{E34B516D-C0D8-450F-9DB0-BB6A5B04AEF1}.Release|ARM.ActiveCfg = Release|ARM
		{E34B516D-C0D8-450F-9DB0-BB6A5B04AEF1}.Release|ARM.Build.0 = Release|ARM
		{E34B516D-C0D8-450F-9DB0-BB6A5B04AEF1}.Release|iPhone.ActiveCfg = Release|Any CPU
		{E34B516D-C0D8-450F-9DB0-BB6A5B04AEF1}.Release|iPhone.Build.0 = Release|Any CPU
		{E34B516D-C0D8-450F-9DB0-BB6A5B04AEF1}.Release|iPhoneSimulator.ActiveCfg = Release|Any CPU
		{E34B516D-C0D8-450F-9DB0-BB6A5B04AEF1}.Release|iPhoneSimulator.Build.0 = Release|Any CPU
		{E34B516D-C0D8-450F-9DB0-BB6A5B04AEF1}.Release|x64.ActiveCfg = Release|x64
		{E34B516D-C0D8-450F-9DB0-BB6A5B04AEF1}.Release|x64.Build.0 = Release|x64
		{E34B516D-C0D8-450F-9DB0-BB6A5B04AEF1}.Release|x86.ActiveCfg = Release|x86
		{E34B516D-C0D8-450F-9DB0-BB6A5B04AEF1}.Release|x86.Build.0 = Release|x86
	EndGlobalSection
	GlobalSection(SolutionProperties) = preSolution
		HideSolutionNode = FALSE
	EndGlobalSection
	GlobalSection(ExtensibilityGlobals) = postSolution
		SolutionGuid = {82DDDDFC-CB44-4AF2-ACB4-9F4EFDC75198}
	EndGlobalSection
EndGlobal
