Microsoft Visual Studio Solution File, Format Version 12.00
# Visual Studio Version 16
VisualStudioVersion = 16.0.30114.105
MinimumVisualStudioVersion = 10.0.40219.1
Project("{9A19103F-16F7-4668-BE54-9A1E7A4F7556}") = "Plugin.FilePicker.Sample.Forms", "Plugin.FilePicker.Sample.Forms\Forms\Plugin.FilePicker.Sample.Forms.csproj", "{BC539575-3B77-4A4A-8F3A-2203BB590674}"
EndProject
Project("{FAE04EC0-301F-11D3-BF4B-00C04F79EFBC}") = "Plugin.FilePicker.Sample.Forms.iOS", "Plugin.FilePicker.Sample.Forms\iOS\Plugin.FilePicker.Sample.Forms.iOS.csproj", "{32F6F5E8-CD92-40E5-B088-2C5D258AB9DE}"
EndProject
Project("{FAE04EC0-301F-11D3-BF4B-00C04F79EFBC}") = "Plugin.FilePicker.Sample.Forms.Droid", "Plugin.FilePicker.Sample.Forms\Droid\Plugin.FilePicker.Sample.Forms.Droid.csproj", "{2A72EE4A-F43F-465D-BCAC-B953494B05CE}"
EndProject
Project("{FAE04EC0-301F-11D3-BF4B-00C04F79EFBC}") = "Plugin.FilePicker.Sample.Forms.UWP", "Plugin.FilePicker.Sample.Forms\UWP\Plugin.FilePicker.Sample.Forms.UWP.csproj", "{0F751E6D-BF0E-4BEE-AD43-4DA1AABB5211}"
EndProject
Project("{2150E333-8FDC-42A3-9474-1A3956D46DE8}") = "Plugin Projects", "Plugin Projects", "{45FC3352-5F40-44CE-85C0-4A833A9761AA}"
EndProject
Project("{2150E333-8FDC-42A3-9474-1A3956D46DE8}") = "Sample Projects", "Sample Projects", "{5317C143-367E-4704-9DE5-6BAD007691AE}"
EndProject
Project("{2150E333-8FDC-42A3-9474-1A3956D46DE8}") = "Solution Items", "Solution Items", "{7D8B653F-D59C-4247-87FF-21692C5C3B6A}"
	ProjectSection(SolutionItems) = preProject
		README.md = README.md
	EndProjectSection
EndProject
Project("{FAE04EC0-301F-11D3-BF4B-00C04F79EFBC}") = "Plugin.FilePicker.Sample.Forms.WPF", "Plugin.FilePicker.Sample.Forms\WPF\Plugin.FilePicker.Sample.Forms.WPF.csproj", "{66178C86-2063-4A5A-89A1-5005F3FAE5A4}"
EndProject
Project("{9A19103F-16F7-4668-BE54-9A1E7A4F7556}") = "Plugin.FilePicker", "..\src\Plugin.FilePicker\Plugin.FilePicker.csproj", "{507FA967-A579-44FE-9CA3-7CEE18B5257B}"
EndProject
Project("{FAE04EC0-301F-11D3-BF4B-00C04F79EFBC}") = "Plugin.FilePicker.Sample.Wpf.Framework4.6", "Plugin.FilePicker.Sample.Wpf\Framework\Plugin.FilePicker.Sample.Wpf.Framework4.6.csproj", "{3DC1A6AA-532C-493D-884D-94B5A2E94D5C}"
EndProject
Project("{FAE04EC0-301F-11D3-BF4B-00C04F79EFBC}") = "Plugin.FilePicker.Sample.Wpf.Framework4.7", "Plugin.FilePicker.Sample.Wpf\Framework\Plugin.FilePicker.Sample.Wpf.Framework4.7.csproj", "{CED9B20C-89E8-4802-99C4-174F661DFE48}"
EndProject
Project("{FAE04EC0-301F-11D3-BF4B-00C04F79EFBC}") = "Plugin.FilePicker.Sample.Wpf.Framework4.8", "Plugin.FilePicker.Sample.Wpf\Framework\Plugin.FilePicker.Sample.Wpf.Framework4.8.csproj", "{79F11D65-DF0E-44B1-BE64-045DC333A44E}"
EndProject
Project("{FAE04EC0-301F-11D3-BF4B-00C04F79EFBC}") = "Plugin.FilePicker.Sample.Wpf.Framework4.5", "Plugin.FilePicker.Sample.Wpf\Framework\Plugin.FilePicker.Sample.Wpf.Framework4.5.csproj", "{7144A2C0-C49B-4285-9213-82194AB23F5F}"
EndProject
Project("{9A19103F-16F7-4668-BE54-9A1E7A4F7556}") = "Plugin.FilePicker.Sample.Wpf.Core3.0", "Plugin.FilePicker.Sample.Wpf\Core3.0\Plugin.FilePicker.Sample.Wpf.Core3.0.csproj", "{C158FD3C-FCF5-48A7-ABEA-BA59473DC211}"
EndProject
Project("{9A19103F-16F7-4668-BE54-9A1E7A4F7556}") = "Plugin.FilePicker.Sample.Wpf.Core3.1", "Plugin.FilePicker.Sample.Wpf\Core3.1\Plugin.FilePicker.Sample.Wpf.Core3.1.csproj", "{968ED80E-DFAB-4051-875A-24DD08A833B9}"
EndProject
Global
	GlobalSection(SolutionConfigurationPlatforms) = preSolution
		Debug|Any CPU = Debug|Any CPU
		Debug|ARM = Debug|ARM
		Debug|iPhone = Debug|iPhone
		Debug|iPhoneSimulator = Debug|iPhoneSimulator
		Debug|x64 = Debug|x64
		Debug|x86 = Debug|x86
		Release|Any CPU = Release|Any CPU
		Release|ARM = Release|ARM
		Release|iPhone = Release|iPhone
		Release|iPhoneSimulator = Release|iPhoneSimulator
		Release|x64 = Release|x64
		Release|x86 = Release|x86
	EndGlobalSection
	GlobalSection(ProjectConfigurationPlatforms) = postSolution
		{BC539575-3B77-4A4A-8F3A-2203BB590674}.Debug|Any CPU.ActiveCfg = Debug|Any CPU
		{BC539575-3B77-4A4A-8F3A-2203BB590674}.Debug|Any CPU.Build.0 = Debug|Any CPU
		{BC539575-3B77-4A4A-8F3A-2203BB590674}.Debug|ARM.ActiveCfg = Debug|Any CPU
		{BC539575-3B77-4A4A-8F3A-2203BB590674}.Debug|ARM.Build.0 = Debug|Any CPU
		{BC539575-3B77-4A4A-8F3A-2203BB590674}.Debug|iPhone.ActiveCfg = Debug|Any CPU
		{BC539575-3B77-4A4A-8F3A-2203BB590674}.Debug|iPhone.Build.0 = Debug|Any CPU
		{BC539575-3B77-4A4A-8F3A-2203BB590674}.Debug|iPhoneSimulator.ActiveCfg = Debug|Any CPU
		{BC539575-3B77-4A4A-8F3A-2203BB590674}.Debug|iPhoneSimulator.Build.0 = Debug|Any CPU
		{BC539575-3B77-4A4A-8F3A-2203BB590674}.Debug|x64.ActiveCfg = Debug|Any CPU
		{BC539575-3B77-4A4A-8F3A-2203BB590674}.Debug|x64.Build.0 = Debug|Any CPU
		{BC539575-3B77-4A4A-8F3A-2203BB590674}.Debug|x86.ActiveCfg = Debug|Any CPU
		{BC539575-3B77-4A4A-8F3A-2203BB590674}.Debug|x86.Build.0 = Debug|Any CPU
		{BC539575-3B77-4A4A-8F3A-2203BB590674}.Release|Any CPU.ActiveCfg = Release|Any CPU
		{BC539575-3B77-4A4A-8F3A-2203BB590674}.Release|Any CPU.Build.0 = Release|Any CPU
		{BC539575-3B77-4A4A-8F3A-2203BB590674}.Release|ARM.ActiveCfg = Release|Any CPU
		{BC539575-3B77-4A4A-8F3A-2203BB590674}.Release|ARM.Build.0 = Release|Any CPU
		{BC539575-3B77-4A4A-8F3A-2203BB590674}.Release|iPhone.ActiveCfg = Release|Any CPU
		{BC539575-3B77-4A4A-8F3A-2203BB590674}.Release|iPhone.Build.0 = Release|Any CPU
		{BC539575-3B77-4A4A-8F3A-2203BB590674}.Release|iPhoneSimulator.ActiveCfg = Release|Any CPU
		{BC539575-3B77-4A4A-8F3A-2203BB590674}.Release|iPhoneSimulator.Build.0 = Release|Any CPU
		{BC539575-3B77-4A4A-8F3A-2203BB590674}.Release|x64.ActiveCfg = Release|Any CPU
		{BC539575-3B77-4A4A-8F3A-2203BB590674}.Release|x64.Build.0 = Release|Any CPU
		{BC539575-3B77-4A4A-8F3A-2203BB590674}.Release|x86.ActiveCfg = Release|Any CPU
		{BC539575-3B77-4A4A-8F3A-2203BB590674}.Release|x86.Build.0 = Release|Any CPU
		{32F6F5E8-CD92-40E5-B088-2C5D258AB9DE}.Debug|Any CPU.ActiveCfg = Debug|iPhone
		{32F6F5E8-CD92-40E5-B088-2C5D258AB9DE}.Debug|Any CPU.Build.0 = Debug|iPhone
		{32F6F5E8-CD92-40E5-B088-2C5D258AB9DE}.Debug|ARM.ActiveCfg = Debug|iPhone
		{32F6F5E8-CD92-40E5-B088-2C5D258AB9DE}.Debug|iPhone.ActiveCfg = Debug|iPhone
		{32F6F5E8-CD92-40E5-B088-2C5D258AB9DE}.Debug|iPhone.Build.0 = Debug|iPhone
		{32F6F5E8-CD92-40E5-B088-2C5D258AB9DE}.Debug|iPhone.Deploy.0 = Debug|iPhone
		{32F6F5E8-CD92-40E5-B088-2C5D258AB9DE}.Debug|iPhoneSimulator.ActiveCfg = Debug|iPhoneSimulator
		{32F6F5E8-CD92-40E5-B088-2C5D258AB9DE}.Debug|iPhoneSimulator.Build.0 = Debug|iPhoneSimulator
		{32F6F5E8-CD92-40E5-B088-2C5D258AB9DE}.Debug|x64.ActiveCfg = Debug|iPhone
		{32F6F5E8-CD92-40E5-B088-2C5D258AB9DE}.Debug|x86.ActiveCfg = Debug|iPhone
		{32F6F5E8-CD92-40E5-B088-2C5D258AB9DE}.Release|Any CPU.ActiveCfg = Release|iPhone
		{32F6F5E8-CD92-40E5-B088-2C5D258AB9DE}.Release|Any CPU.Build.0 = Release|iPhone
		{32F6F5E8-CD92-40E5-B088-2C5D258AB9DE}.Release|ARM.ActiveCfg = Release|iPhoneSimulator
		{32F6F5E8-CD92-40E5-B088-2C5D258AB9DE}.Release|iPhone.ActiveCfg = Release|iPhone
		{32F6F5E8-CD92-40E5-B088-2C5D258AB9DE}.Release|iPhone.Build.0 = Release|iPhone
		{32F6F5E8-CD92-40E5-B088-2C5D258AB9DE}.Release|iPhoneSimulator.ActiveCfg = Release|iPhoneSimulator
		{32F6F5E8-CD92-40E5-B088-2C5D258AB9DE}.Release|iPhoneSimulator.Build.0 = Release|iPhoneSimulator
		{32F6F5E8-CD92-40E5-B088-2C5D258AB9DE}.Release|x64.ActiveCfg = Release|iPhoneSimulator
		{32F6F5E8-CD92-40E5-B088-2C5D258AB9DE}.Release|x86.ActiveCfg = Release|iPhoneSimulator
		{2A72EE4A-F43F-465D-BCAC-B953494B05CE}.Debug|Any CPU.ActiveCfg = Debug|Any CPU
		{2A72EE4A-F43F-465D-BCAC-B953494B05CE}.Debug|Any CPU.Build.0 = Debug|Any CPU
		{2A72EE4A-F43F-465D-BCAC-B953494B05CE}.Debug|Any CPU.Deploy.0 = Debug|Any CPU
		{2A72EE4A-F43F-465D-BCAC-B953494B05CE}.Debug|ARM.ActiveCfg = Debug|Any CPU
		{2A72EE4A-F43F-465D-BCAC-B953494B05CE}.Debug|ARM.Build.0 = Debug|Any CPU
		{2A72EE4A-F43F-465D-BCAC-B953494B05CE}.Debug|ARM.Deploy.0 = Debug|Any CPU
		{2A72EE4A-F43F-465D-BCAC-B953494B05CE}.Debug|iPhone.ActiveCfg = Debug|Any CPU
		{2A72EE4A-F43F-465D-BCAC-B953494B05CE}.Debug|iPhone.Build.0 = Debug|Any CPU
		{2A72EE4A-F43F-465D-BCAC-B953494B05CE}.Debug|iPhoneSimulator.ActiveCfg = Debug|Any CPU
		{2A72EE4A-F43F-465D-BCAC-B953494B05CE}.Debug|iPhoneSimulator.Build.0 = Debug|Any CPU
		{2A72EE4A-F43F-465D-BCAC-B953494B05CE}.Debug|x64.ActiveCfg = Debug|Any CPU
		{2A72EE4A-F43F-465D-BCAC-B953494B05CE}.Debug|x64.Build.0 = Debug|Any CPU
		{2A72EE4A-F43F-465D-BCAC-B953494B05CE}.Debug|x64.Deploy.0 = Debug|Any CPU
		{2A72EE4A-F43F-465D-BCAC-B953494B05CE}.Debug|x86.ActiveCfg = Debug|Any CPU
		{2A72EE4A-F43F-465D-BCAC-B953494B05CE}.Debug|x86.Build.0 = Debug|Any CPU
		{2A72EE4A-F43F-465D-BCAC-B953494B05CE}.Debug|x86.Deploy.0 = Debug|Any CPU
		{2A72EE4A-F43F-465D-BCAC-B953494B05CE}.Release|Any CPU.ActiveCfg = Release|Any CPU
		{2A72EE4A-F43F-465D-BCAC-B953494B05CE}.Release|Any CPU.Build.0 = Release|Any CPU
		{2A72EE4A-F43F-465D-BCAC-B953494B05CE}.Release|Any CPU.Deploy.0 = Release|Any CPU
		{2A72EE4A-F43F-465D-BCAC-B953494B05CE}.Release|ARM.ActiveCfg = Release|Any CPU
		{2A72EE4A-F43F-465D-BCAC-B953494B05CE}.Release|ARM.Build.0 = Release|Any CPU
		{2A72EE4A-F43F-465D-BCAC-B953494B05CE}.Release|ARM.Deploy.0 = Release|Any CPU
		{2A72EE4A-F43F-465D-BCAC-B953494B05CE}.Release|iPhone.ActiveCfg = Release|Any CPU
		{2A72EE4A-F43F-465D-BCAC-B953494B05CE}.Release|iPhone.Build.0 = Release|Any CPU
		{2A72EE4A-F43F-465D-BCAC-B953494B05CE}.Release|iPhoneSimulator.ActiveCfg = Release|Any CPU
		{2A72EE4A-F43F-465D-BCAC-B953494B05CE}.Release|iPhoneSimulator.Build.0 = Release|Any CPU
		{2A72EE4A-F43F-465D-BCAC-B953494B05CE}.Release|x64.ActiveCfg = Release|Any CPU
		{2A72EE4A-F43F-465D-BCAC-B953494B05CE}.Release|x64.Build.0 = Release|Any CPU
		{2A72EE4A-F43F-465D-BCAC-B953494B05CE}.Release|x64.Deploy.0 = Release|Any CPU
		{2A72EE4A-F43F-465D-BCAC-B953494B05CE}.Release|x86.ActiveCfg = Release|Any CPU
		{2A72EE4A-F43F-465D-BCAC-B953494B05CE}.Release|x86.Build.0 = Release|Any CPU
		{2A72EE4A-F43F-465D-BCAC-B953494B05CE}.Release|x86.Deploy.0 = Release|Any CPU
		{0F751E6D-BF0E-4BEE-AD43-4DA1AABB5211}.Debug|Any CPU.ActiveCfg = Debug|x86
		{0F751E6D-BF0E-4BEE-AD43-4DA1AABB5211}.Debug|Any CPU.Build.0 = Debug|x86
		{0F751E6D-BF0E-4BEE-AD43-4DA1AABB5211}.Debug|Any CPU.Deploy.0 = Debug|x86
		{0F751E6D-BF0E-4BEE-AD43-4DA1AABB5211}.Debug|ARM.ActiveCfg = Debug|ARM
		{0F751E6D-BF0E-4BEE-AD43-4DA1AABB5211}.Debug|ARM.Build.0 = Debug|ARM
		{0F751E6D-BF0E-4BEE-AD43-4DA1AABB5211}.Debug|ARM.Deploy.0 = Debug|ARM
		{0F751E6D-BF0E-4BEE-AD43-4DA1AABB5211}.Debug|iPhone.ActiveCfg = Debug|x86
		{0F751E6D-BF0E-4BEE-AD43-4DA1AABB5211}.Debug|iPhoneSimulator.ActiveCfg = Debug|x86
		{0F751E6D-BF0E-4BEE-AD43-4DA1AABB5211}.Debug|x64.ActiveCfg = Debug|x64
		{0F751E6D-BF0E-4BEE-AD43-4DA1AABB5211}.Debug|x64.Build.0 = Debug|x64
		{0F751E6D-BF0E-4BEE-AD43-4DA1AABB5211}.Debug|x64.Deploy.0 = Debug|x64
		{0F751E6D-BF0E-4BEE-AD43-4DA1AABB5211}.Debug|x86.ActiveCfg = Debug|x86
		{0F751E6D-BF0E-4BEE-AD43-4DA1AABB5211}.Debug|x86.Build.0 = Debug|x86
		{0F751E6D-BF0E-4BEE-AD43-4DA1AABB5211}.Debug|x86.Deploy.0 = Debug|x86
		{0F751E6D-BF0E-4BEE-AD43-4DA1AABB5211}.Release|Any CPU.ActiveCfg = Release|x86
		{0F751E6D-BF0E-4BEE-AD43-4DA1AABB5211}.Release|Any CPU.Build.0 = Release|x86
		{0F751E6D-BF0E-4BEE-AD43-4DA1AABB5211}.Release|Any CPU.Deploy.0 = Release|x86
		{0F751E6D-BF0E-4BEE-AD43-4DA1AABB5211}.Release|ARM.ActiveCfg = Release|ARM
		{0F751E6D-BF0E-4BEE-AD43-4DA1AABB5211}.Release|ARM.Build.0 = Release|ARM
		{0F751E6D-BF0E-4BEE-AD43-4DA1AABB5211}.Release|ARM.Deploy.0 = Release|ARM
		{0F751E6D-BF0E-4BEE-AD43-4DA1AABB5211}.Release|iPhone.ActiveCfg = Release|x86
		{0F751E6D-BF0E-4BEE-AD43-4DA1AABB5211}.Release|iPhoneSimulator.ActiveCfg = Release|x86
		{0F751E6D-BF0E-4BEE-AD43-4DA1AABB5211}.Release|x64.ActiveCfg = Release|x64
		{0F751E6D-BF0E-4BEE-AD43-4DA1AABB5211}.Release|x64.Build.0 = Release|x64
		{0F751E6D-BF0E-4BEE-AD43-4DA1AABB5211}.Release|x64.Deploy.0 = Release|x64
		{0F751E6D-BF0E-4BEE-AD43-4DA1AABB5211}.Release|x86.ActiveCfg = Release|x86
		{0F751E6D-BF0E-4BEE-AD43-4DA1AABB5211}.Release|x86.Build.0 = Release|x86
		{0F751E6D-BF0E-4BEE-AD43-4DA1AABB5211}.Release|x86.Deploy.0 = Release|x86
		{66178C86-2063-4A5A-89A1-5005F3FAE5A4}.Debug|Any CPU.ActiveCfg = Debug|Any CPU
		{66178C86-2063-4A5A-89A1-5005F3FAE5A4}.Debug|Any CPU.Build.0 = Debug|Any CPU
		{66178C86-2063-4A5A-89A1-5005F3FAE5A4}.Debug|ARM.ActiveCfg = Debug|Any CPU
		{66178C86-2063-4A5A-89A1-5005F3FAE5A4}.Debug|ARM.Build.0 = Debug|Any CPU
		{66178C86-2063-4A5A-89A1-5005F3FAE5A4}.Debug|iPhone.ActiveCfg = Debug|Any CPU
		{66178C86-2063-4A5A-89A1-5005F3FAE5A4}.Debug|iPhone.Build.0 = Debug|Any CPU
		{66178C86-2063-4A5A-89A1-5005F3FAE5A4}.Debug|iPhoneSimulator.ActiveCfg = Debug|Any CPU
		{66178C86-2063-4A5A-89A1-5005F3FAE5A4}.Debug|iPhoneSimulator.Build.0 = Debug|Any CPU
		{66178C86-2063-4A5A-89A1-5005F3FAE5A4}.Debug|x64.ActiveCfg = Debug|Any CPU
		{66178C86-2063-4A5A-89A1-5005F3FAE5A4}.Debug|x64.Build.0 = Debug|Any CPU
		{66178C86-2063-4A5A-89A1-5005F3FAE5A4}.Debug|x86.ActiveCfg = Debug|Any CPU
		{66178C86-2063-4A5A-89A1-5005F3FAE5A4}.Debug|x86.Build.0 = Debug|Any CPU
		{66178C86-2063-4A5A-89A1-5005F3FAE5A4}.Release|Any CPU.ActiveCfg = Release|Any CPU
		{66178C86-2063-4A5A-89A1-5005F3FAE5A4}.Release|Any CPU.Build.0 = Release|Any CPU
		{66178C86-2063-4A5A-89A1-5005F3FAE5A4}.Release|ARM.ActiveCfg = Release|Any CPU
		{66178C86-2063-4A5A-89A1-5005F3FAE5A4}.Release|ARM.Build.0 = Release|Any CPU
		{66178C86-2063-4A5A-89A1-5005F3FAE5A4}.Release|iPhone.ActiveCfg = Release|Any CPU
		{66178C86-2063-4A5A-89A1-5005F3FAE5A4}.Release|iPhone.Build.0 = Release|Any CPU
		{66178C86-2063-4A5A-89A1-5005F3FAE5A4}.Release|iPhoneSimulator.ActiveCfg = Release|Any CPU
		{66178C86-2063-4A5A-89A1-5005F3FAE5A4}.Release|iPhoneSimulator.Build.0 = Release|Any CPU
		{66178C86-2063-4A5A-89A1-5005F3FAE5A4}.Release|x64.ActiveCfg = Release|Any CPU
		{66178C86-2063-4A5A-89A1-5005F3FAE5A4}.Release|x64.Build.0 = Release|Any CPU
		{66178C86-2063-4A5A-89A1-5005F3FAE5A4}.Release|x86.ActiveCfg = Release|Any CPU
		{66178C86-2063-4A5A-89A1-5005F3FAE5A4}.Release|x86.Build.0 = Release|Any CPU
		{507FA967-A579-44FE-9CA3-7CEE18B5257B}.Debug|Any CPU.ActiveCfg = Debug|Any CPU
		{507FA967-A579-44FE-9CA3-7CEE18B5257B}.Debug|Any CPU.Build.0 = Debug|Any CPU
		{507FA967-A579-44FE-9CA3-7CEE18B5257B}.Debug|ARM.ActiveCfg = Debug|Any CPU
		{507FA967-A579-44FE-9CA3-7CEE18B5257B}.Debug|ARM.Build.0 = Debug|Any CPU
		{507FA967-A579-44FE-9CA3-7CEE18B5257B}.Debug|iPhone.ActiveCfg = Debug|Any CPU
		{507FA967-A579-44FE-9CA3-7CEE18B5257B}.Debug|iPhone.Build.0 = Debug|Any CPU
		{507FA967-A579-44FE-9CA3-7CEE18B5257B}.Debug|iPhoneSimulator.ActiveCfg = Debug|Any CPU
		{507FA967-A579-44FE-9CA3-7CEE18B5257B}.Debug|iPhoneSimulator.Build.0 = Debug|Any CPU
		{507FA967-A579-44FE-9CA3-7CEE18B5257B}.Debug|x64.ActiveCfg = Debug|Any CPU
		{507FA967-A579-44FE-9CA3-7CEE18B5257B}.Debug|x64.Build.0 = Debug|Any CPU
		{507FA967-A579-44FE-9CA3-7CEE18B5257B}.Debug|x86.ActiveCfg = Debug|Any CPU
		{507FA967-A579-44FE-9CA3-7CEE18B5257B}.Debug|x86.Build.0 = Debug|Any CPU
		{507FA967-A579-44FE-9CA3-7CEE18B5257B}.Release|Any CPU.ActiveCfg = Release|Any CPU
		{507FA967-A579-44FE-9CA3-7CEE18B5257B}.Release|Any CPU.Build.0 = Release|Any CPU
		{507FA967-A579-44FE-9CA3-7CEE18B5257B}.Release|ARM.ActiveCfg = Release|Any CPU
		{507FA967-A579-44FE-9CA3-7CEE18B5257B}.Release|ARM.Build.0 = Release|Any CPU
		{507FA967-A579-44FE-9CA3-7CEE18B5257B}.Release|iPhone.ActiveCfg = Release|Any CPU
		{507FA967-A579-44FE-9CA3-7CEE18B5257B}.Release|iPhone.Build.0 = Release|Any CPU
		{507FA967-A579-44FE-9CA3-7CEE18B5257B}.Release|iPhoneSimulator.ActiveCfg = Release|Any CPU
		{507FA967-A579-44FE-9CA3-7CEE18B5257B}.Release|iPhoneSimulator.Build.0 = Release|Any CPU
		{507FA967-A579-44FE-9CA3-7CEE18B5257B}.Release|x64.ActiveCfg = Release|Any CPU
		{507FA967-A579-44FE-9CA3-7CEE18B5257B}.Release|x64.Build.0 = Release|Any CPU
		{507FA967-A579-44FE-9CA3-7CEE18B5257B}.Release|x86.ActiveCfg = Release|Any CPU
		{507FA967-A579-44FE-9CA3-7CEE18B5257B}.Release|x86.Build.0 = Release|Any CPU
		{3DC1A6AA-532C-493D-884D-94B5A2E94D5C}.Debug|Any CPU.ActiveCfg = Debug|Any CPU
		{3DC1A6AA-532C-493D-884D-94B5A2E94D5C}.Debug|Any CPU.Build.0 = Debug|Any CPU
		{3DC1A6AA-532C-493D-884D-94B5A2E94D5C}.Debug|ARM.ActiveCfg = Debug|Any CPU
		{3DC1A6AA-532C-493D-884D-94B5A2E94D5C}.Debug|ARM.Build.0 = Debug|Any CPU
		{3DC1A6AA-532C-493D-884D-94B5A2E94D5C}.Debug|iPhone.ActiveCfg = Debug|Any CPU
		{3DC1A6AA-532C-493D-884D-94B5A2E94D5C}.Debug|iPhone.Build.0 = Debug|Any CPU
		{3DC1A6AA-532C-493D-884D-94B5A2E94D5C}.Debug|iPhoneSimulator.ActiveCfg = Debug|Any CPU
		{3DC1A6AA-532C-493D-884D-94B5A2E94D5C}.Debug|iPhoneSimulator.Build.0 = Debug|Any CPU
		{3DC1A6AA-532C-493D-884D-94B5A2E94D5C}.Debug|x64.ActiveCfg = Debug|Any CPU
		{3DC1A6AA-532C-493D-884D-94B5A2E94D5C}.Debug|x64.Build.0 = Debug|Any CPU
		{3DC1A6AA-532C-493D-884D-94B5A2E94D5C}.Debug|x86.ActiveCfg = Debug|Any CPU
		{3DC1A6AA-532C-493D-884D-94B5A2E94D5C}.Debug|x86.Build.0 = Debug|Any CPU
		{3DC1A6AA-532C-493D-884D-94B5A2E94D5C}.Release|Any CPU.ActiveCfg = Release|Any CPU
		{3DC1A6AA-532C-493D-884D-94B5A2E94D5C}.Release|Any CPU.Build.0 = Release|Any CPU
		{3DC1A6AA-532C-493D-884D-94B5A2E94D5C}.Release|ARM.ActiveCfg = Release|Any CPU
		{3DC1A6AA-532C-493D-884D-94B5A2E94D5C}.Release|ARM.Build.0 = Release|Any CPU
		{3DC1A6AA-532C-493D-884D-94B5A2E94D5C}.Release|iPhone.ActiveCfg = Release|Any CPU
		{3DC1A6AA-532C-493D-884D-94B5A2E94D5C}.Release|iPhone.Build.0 = Release|Any CPU
		{3DC1A6AA-532C-493D-884D-94B5A2E94D5C}.Release|iPhoneSimulator.ActiveCfg = Release|Any CPU
		{3DC1A6AA-532C-493D-884D-94B5A2E94D5C}.Release|iPhoneSimulator.Build.0 = Release|Any CPU
		{3DC1A6AA-532C-493D-884D-94B5A2E94D5C}.Release|x64.ActiveCfg = Release|Any CPU
		{3DC1A6AA-532C-493D-884D-94B5A2E94D5C}.Release|x64.Build.0 = Release|Any CPU
		{3DC1A6AA-532C-493D-884D-94B5A2E94D5C}.Release|x86.ActiveCfg = Release|Any CPU
		{3DC1A6AA-532C-493D-884D-94B5A2E94D5C}.Release|x86.Build.0 = Release|Any CPU
		{CED9B20C-89E8-4802-99C4-174F661DFE48}.Debug|Any CPU.ActiveCfg = Debug|Any CPU
		{CED9B20C-89E8-4802-99C4-174F661DFE48}.Debug|Any CPU.Build.0 = Debug|Any CPU
		{CED9B20C-89E8-4802-99C4-174F661DFE48}.Debug|ARM.ActiveCfg = Debug|Any CPU
		{CED9B20C-89E8-4802-99C4-174F661DFE48}.Debug|ARM.Build.0 = Debug|Any CPU
		{CED9B20C-89E8-4802-99C4-174F661DFE48}.Debug|iPhone.ActiveCfg = Debug|Any CPU
		{CED9B20C-89E8-4802-99C4-174F661DFE48}.Debug|iPhone.Build.0 = Debug|Any CPU
		{CED9B20C-89E8-4802-99C4-174F661DFE48}.Debug|iPhoneSimulator.ActiveCfg = Debug|Any CPU
		{CED9B20C-89E8-4802-99C4-174F661DFE48}.Debug|iPhoneSimulator.Build.0 = Debug|Any CPU
		{CED9B20C-89E8-4802-99C4-174F661DFE48}.Debug|x64.ActiveCfg = Debug|Any CPU
		{CED9B20C-89E8-4802-99C4-174F661DFE48}.Debug|x64.Build.0 = Debug|Any CPU
		{CED9B20C-89E8-4802-99C4-174F661DFE48}.Debug|x86.ActiveCfg = Debug|Any CPU
		{CED9B20C-89E8-4802-99C4-174F661DFE48}.Debug|x86.Build.0 = Debug|Any CPU
		{CED9B20C-89E8-4802-99C4-174F661DFE48}.Release|Any CPU.ActiveCfg = Release|Any CPU
		{CED9B20C-89E8-4802-99C4-174F661DFE48}.Release|Any CPU.Build.0 = Release|Any CPU
		{CED9B20C-89E8-4802-99C4-174F661DFE48}.Release|ARM.ActiveCfg = Release|Any CPU
		{CED9B20C-89E8-4802-99C4-174F661DFE48}.Release|ARM.Build.0 = Release|Any CPU
		{CED9B20C-89E8-4802-99C4-174F661DFE48}.Release|iPhone.ActiveCfg = Release|Any CPU
		{CED9B20C-89E8-4802-99C4-174F661DFE48}.Release|iPhone.Build.0 = Release|Any CPU
		{CED9B20C-89E8-4802-99C4-174F661DFE48}.Release|iPhoneSimulator.ActiveCfg = Release|Any CPU
		{CED9B20C-89E8-4802-99C4-174F661DFE48}.Release|iPhoneSimulator.Build.0 = Release|Any CPU
		{CED9B20C-89E8-4802-99C4-174F661DFE48}.Release|x64.ActiveCfg = Release|Any CPU
		{CED9B20C-89E8-4802-99C4-174F661DFE48}.Release|x64.Build.0 = Release|Any CPU
		{CED9B20C-89E8-4802-99C4-174F661DFE48}.Release|x86.ActiveCfg = Release|Any CPU
		{CED9B20C-89E8-4802-99C4-174F661DFE48}.Release|x86.Build.0 = Release|Any CPU
		{79F11D65-DF0E-44B1-BE64-045DC333A44E}.Debug|Any CPU.ActiveCfg = Debug|Any CPU
		{79F11D65-DF0E-44B1-BE64-045DC333A44E}.Debug|Any CPU.Build.0 = Debug|Any CPU
		{79F11D65-DF0E-44B1-BE64-045DC333A44E}.Debug|ARM.ActiveCfg = Debug|Any CPU
		{79F11D65-DF0E-44B1-BE64-045DC333A44E}.Debug|ARM.Build.0 = Debug|Any CPU
		{79F11D65-DF0E-44B1-BE64-045DC333A44E}.Debug|iPhone.ActiveCfg = Debug|Any CPU
		{79F11D65-DF0E-44B1-BE64-045DC333A44E}.Debug|iPhone.Build.0 = Debug|Any CPU
		{79F11D65-DF0E-44B1-BE64-045DC333A44E}.Debug|iPhoneSimulator.ActiveCfg = Debug|Any CPU
		{79F11D65-DF0E-44B1-BE64-045DC333A44E}.Debug|iPhoneSimulator.Build.0 = Debug|Any CPU
		{79F11D65-DF0E-44B1-BE64-045DC333A44E}.Debug|x64.ActiveCfg = Debug|Any CPU
		{79F11D65-DF0E-44B1-BE64-045DC333A44E}.Debug|x64.Build.0 = Debug|Any CPU
		{79F11D65-DF0E-44B1-BE64-045DC333A44E}.Debug|x86.ActiveCfg = Debug|Any CPU
		{79F11D65-DF0E-44B1-BE64-045DC333A44E}.Debug|x86.Build.0 = Debug|Any CPU
		{79F11D65-DF0E-44B1-BE64-045DC333A44E}.Release|Any CPU.ActiveCfg = Release|Any CPU
		{79F11D65-DF0E-44B1-BE64-045DC333A44E}.Release|Any CPU.Build.0 = Release|Any CPU
		{79F11D65-DF0E-44B1-BE64-045DC333A44E}.Release|ARM.ActiveCfg = Release|Any CPU
		{79F11D65-DF0E-44B1-BE64-045DC333A44E}.Release|ARM.Build.0 = Release|Any CPU
		{79F11D65-DF0E-44B1-BE64-045DC333A44E}.Release|iPhone.ActiveCfg = Release|Any CPU
		{79F11D65-DF0E-44B1-BE64-045DC333A44E}.Release|iPhone.Build.0 = Release|Any CPU
		{79F11D65-DF0E-44B1-BE64-045DC333A44E}.Release|iPhoneSimulator.ActiveCfg = Release|Any CPU
		{79F11D65-DF0E-44B1-BE64-045DC333A44E}.Release|iPhoneSimulator.Build.0 = Release|Any CPU
		{79F11D65-DF0E-44B1-BE64-045DC333A44E}.Release|x64.ActiveCfg = Release|Any CPU
		{79F11D65-DF0E-44B1-BE64-045DC333A44E}.Release|x64.Build.0 = Release|Any CPU
		{79F11D65-DF0E-44B1-BE64-045DC333A44E}.Release|x86.ActiveCfg = Release|Any CPU
		{79F11D65-DF0E-44B1-BE64-045DC333A44E}.Release|x86.Build.0 = Release|Any CPU
		{7144A2C0-C49B-4285-9213-82194AB23F5F}.Debug|Any CPU.ActiveCfg = Debug|Any CPU
		{7144A2C0-C49B-4285-9213-82194AB23F5F}.Debug|Any CPU.Build.0 = Debug|Any CPU
		{7144A2C0-C49B-4285-9213-82194AB23F5F}.Debug|ARM.ActiveCfg = Debug|Any CPU
		{7144A2C0-C49B-4285-9213-82194AB23F5F}.Debug|ARM.Build.0 = Debug|Any CPU
		{7144A2C0-C49B-4285-9213-82194AB23F5F}.Debug|iPhone.ActiveCfg = Debug|Any CPU
		{7144A2C0-C49B-4285-9213-82194AB23F5F}.Debug|iPhone.Build.0 = Debug|Any CPU
		{7144A2C0-C49B-4285-9213-82194AB23F5F}.Debug|iPhoneSimulator.ActiveCfg = Debug|Any CPU
		{7144A2C0-C49B-4285-9213-82194AB23F5F}.Debug|iPhoneSimulator.Build.0 = Debug|Any CPU
		{7144A2C0-C49B-4285-9213-82194AB23F5F}.Debug|x64.ActiveCfg = Debug|Any CPU
		{7144A2C0-C49B-4285-9213-82194AB23F5F}.Debug|x64.Build.0 = Debug|Any CPU
		{7144A2C0-C49B-4285-9213-82194AB23F5F}.Debug|x86.ActiveCfg = Debug|Any CPU
		{7144A2C0-C49B-4285-9213-82194AB23F5F}.Debug|x86.Build.0 = Debug|Any CPU
		{7144A2C0-C49B-4285-9213-82194AB23F5F}.Release|Any CPU.ActiveCfg = Release|Any CPU
		{7144A2C0-C49B-4285-9213-82194AB23F5F}.Release|Any CPU.Build.0 = Release|Any CPU
		{7144A2C0-C49B-4285-9213-82194AB23F5F}.Release|ARM.ActiveCfg = Release|Any CPU
		{7144A2C0-C49B-4285-9213-82194AB23F5F}.Release|ARM.Build.0 = Release|Any CPU
		{7144A2C0-C49B-4285-9213-82194AB23F5F}.Release|iPhone.ActiveCfg = Release|Any CPU
		{7144A2C0-C49B-4285-9213-82194AB23F5F}.Release|iPhone.Build.0 = Release|Any CPU
		{7144A2C0-C49B-4285-9213-82194AB23F5F}.Release|iPhoneSimulator.ActiveCfg = Release|Any CPU
		{7144A2C0-C49B-4285-9213-82194AB23F5F}.Release|iPhoneSimulator.Build.0 = Release|Any CPU
		{7144A2C0-C49B-4285-9213-82194AB23F5F}.Release|x64.ActiveCfg = Release|Any CPU
		{7144A2C0-C49B-4285-9213-82194AB23F5F}.Release|x64.Build.0 = Release|Any CPU
		{7144A2C0-C49B-4285-9213-82194AB23F5F}.Release|x86.ActiveCfg = Release|Any CPU
		{7144A2C0-C49B-4285-9213-82194AB23F5F}.Release|x86.Build.0 = Release|Any CPU
		{C158FD3C-FCF5-48A7-ABEA-BA59473DC211}.Debug|Any CPU.ActiveCfg = Debug|Any CPU
		{C158FD3C-FCF5-48A7-ABEA-BA59473DC211}.Debug|Any CPU.Build.0 = Debug|Any CPU
		{C158FD3C-FCF5-48A7-ABEA-BA59473DC211}.Debug|ARM.ActiveCfg = Debug|Any CPU
		{C158FD3C-FCF5-48A7-ABEA-BA59473DC211}.Debug|ARM.Build.0 = Debug|Any CPU
		{C158FD3C-FCF5-48A7-ABEA-BA59473DC211}.Debug|iPhone.ActiveCfg = Debug|Any CPU
		{C158FD3C-FCF5-48A7-ABEA-BA59473DC211}.Debug|iPhone.Build.0 = Debug|Any CPU
		{C158FD3C-FCF5-48A7-ABEA-BA59473DC211}.Debug|iPhoneSimulator.ActiveCfg = Debug|Any CPU
		{C158FD3C-FCF5-48A7-ABEA-BA59473DC211}.Debug|iPhoneSimulator.Build.0 = Debug|Any CPU
		{C158FD3C-FCF5-48A7-ABEA-BA59473DC211}.Debug|x64.ActiveCfg = Debug|Any CPU
		{C158FD3C-FCF5-48A7-ABEA-BA59473DC211}.Debug|x64.Build.0 = Debug|Any CPU
		{C158FD3C-FCF5-48A7-ABEA-BA59473DC211}.Debug|x86.ActiveCfg = Debug|Any CPU
		{C158FD3C-FCF5-48A7-ABEA-BA59473DC211}.Debug|x86.Build.0 = Debug|Any CPU
		{C158FD3C-FCF5-48A7-ABEA-BA59473DC211}.Release|Any CPU.ActiveCfg = Release|Any CPU
		{C158FD3C-FCF5-48A7-ABEA-BA59473DC211}.Release|Any CPU.Build.0 = Release|Any CPU
		{C158FD3C-FCF5-48A7-ABEA-BA59473DC211}.Release|ARM.ActiveCfg = Release|Any CPU
		{C158FD3C-FCF5-48A7-ABEA-BA59473DC211}.Release|ARM.Build.0 = Release|Any CPU
		{C158FD3C-FCF5-48A7-ABEA-BA59473DC211}.Release|iPhone.ActiveCfg = Release|Any CPU
		{C158FD3C-FCF5-48A7-ABEA-BA59473DC211}.Release|iPhone.Build.0 = Release|Any CPU
		{C158FD3C-FCF5-48A7-ABEA-BA59473DC211}.Release|iPhoneSimulator.ActiveCfg = Release|Any CPU
		{C158FD3C-FCF5-48A7-ABEA-BA59473DC211}.Release|iPhoneSimulator.Build.0 = Release|Any CPU
		{C158FD3C-FCF5-48A7-ABEA-BA59473DC211}.Release|x64.ActiveCfg = Release|Any CPU
		{C158FD3C-FCF5-48A7-ABEA-BA59473DC211}.Release|x64.Build.0 = Release|Any CPU
		{C158FD3C-FCF5-48A7-ABEA-BA59473DC211}.Release|x86.ActiveCfg = Release|Any CPU
		{C158FD3C-FCF5-48A7-ABEA-BA59473DC211}.Release|x86.Build.0 = Release|Any CPU
		{968ED80E-DFAB-4051-875A-24DD08A833B9}.Debug|Any CPU.ActiveCfg = Debug|Any CPU
		{968ED80E-DFAB-4051-875A-24DD08A833B9}.Debug|Any CPU.Build.0 = Debug|Any CPU
		{968ED80E-DFAB-4051-875A-24DD08A833B9}.Debug|ARM.ActiveCfg = Debug|Any CPU
		{968ED80E-DFAB-4051-875A-24DD08A833B9}.Debug|ARM.Build.0 = Debug|Any CPU
		{968ED80E-DFAB-4051-875A-24DD08A833B9}.Debug|iPhone.ActiveCfg = Debug|Any CPU
		{968ED80E-DFAB-4051-875A-24DD08A833B9}.Debug|iPhone.Build.0 = Debug|Any CPU
		{968ED80E-DFAB-4051-875A-24DD08A833B9}.Debug|iPhoneSimulator.ActiveCfg = Debug|Any CPU
		{968ED80E-DFAB-4051-875A-24DD08A833B9}.Debug|iPhoneSimulator.Build.0 = Debug|Any CPU
		{968ED80E-DFAB-4051-875A-24DD08A833B9}.Debug|x64.ActiveCfg = Debug|Any CPU
		{968ED80E-DFAB-4051-875A-24DD08A833B9}.Debug|x64.Build.0 = Debug|Any CPU
		{968ED80E-DFAB-4051-875A-24DD08A833B9}.Debug|x86.ActiveCfg = Debug|Any CPU
		{968ED80E-DFAB-4051-875A-24DD08A833B9}.Debug|x86.Build.0 = Debug|Any CPU
		{968ED80E-DFAB-4051-875A-24DD08A833B9}.Release|Any CPU.ActiveCfg = Release|Any CPU
		{968ED80E-DFAB-4051-875A-24DD08A833B9}.Release|Any CPU.Build.0 = Release|Any CPU
		{968ED80E-DFAB-4051-875A-24DD08A833B9}.Release|ARM.ActiveCfg = Release|Any CPU
		{968ED80E-DFAB-4051-875A-24DD08A833B9}.Release|ARM.Build.0 = Release|Any CPU
		{968ED80E-DFAB-4051-875A-24DD08A833B9}.Release|iPhone.ActiveCfg = Release|Any CPU
		{968ED80E-DFAB-4051-875A-24DD08A833B9}.Release|iPhone.Build.0 = Release|Any CPU
		{968ED80E-DFAB-4051-875A-24DD08A833B9}.Release|iPhoneSimulator.ActiveCfg = Release|Any CPU
		{968ED80E-DFAB-4051-875A-24DD08A833B9}.Release|iPhoneSimulator.Build.0 = Release|Any CPU
		{968ED80E-DFAB-4051-875A-24DD08A833B9}.Release|x64.ActiveCfg = Release|Any CPU
		{968ED80E-DFAB-4051-875A-24DD08A833B9}.Release|x64.Build.0 = Release|Any CPU
		{968ED80E-DFAB-4051-875A-24DD08A833B9}.Release|x86.ActiveCfg = Release|Any CPU
		{968ED80E-DFAB-4051-875A-24DD08A833B9}.Release|x86.Build.0 = Release|Any CPU
	EndGlobalSection
	GlobalSection(SolutionProperties) = preSolution
		HideSolutionNode = FALSE
	EndGlobalSection
	GlobalSection(NestedProjects) = preSolution
		{BC539575-3B77-4A4A-8F3A-2203BB590674} = {5317C143-367E-4704-9DE5-6BAD007691AE}
		{32F6F5E8-CD92-40E5-B088-2C5D258AB9DE} = {5317C143-367E-4704-9DE5-6BAD007691AE}
		{2A72EE4A-F43F-465D-BCAC-B953494B05CE} = {5317C143-367E-4704-9DE5-6BAD007691AE}
		{0F751E6D-BF0E-4BEE-AD43-4DA1AABB5211} = {5317C143-367E-4704-9DE5-6BAD007691AE}
		{66178C86-2063-4A5A-89A1-5005F3FAE5A4} = {5317C143-367E-4704-9DE5-6BAD007691AE}
		{507FA967-A579-44FE-9CA3-7CEE18B5257B} = {45FC3352-5F40-44CE-85C0-4A833A9761AA}
		{3DC1A6AA-532C-493D-884D-94B5A2E94D5C} = {5317C143-367E-4704-9DE5-6BAD007691AE}
		{CED9B20C-89E8-4802-99C4-174F661DFE48} = {5317C143-367E-4704-9DE5-6BAD007691AE}
		{79F11D65-DF0E-44B1-BE64-045DC333A44E} = {5317C143-367E-4704-9DE5-6BAD007691AE}
		{7144A2C0-C49B-4285-9213-82194AB23F5F} = {5317C143-367E-4704-9DE5-6BAD007691AE}
		{C158FD3C-FCF5-48A7-ABEA-BA59473DC211} = {5317C143-367E-4704-9DE5-6BAD007691AE}
		{968ED80E-DFAB-4051-875A-24DD08A833B9} = {5317C143-367E-4704-9DE5-6BAD007691AE}
	EndGlobalSection
	GlobalSection(ExtensibilityGlobals) = postSolution
		SolutionGuid = {82DDDDFC-CB44-4AF2-ACB4-9F4EFDC75198}
	EndGlobalSection
EndGlobal
