
Microsoft Visual Studio Solution File, Format Version 12.00
# Visual Studio 15
VisualStudioVersion = 15.0.27130.2010
MinimumVisualStudioVersion = 10.0.40219.1
Project("{9A19103F-16F7-4668-BE54-9A1E7A4F7556}") = "Plugin.FilePicker", "Plugin.FilePicker\Plugin.FilePicker\Plugin.FilePicker.csproj", "{A6FCEF44-D2BA-42C7-B3CB-13667BCD7B54}"
EndProject
Project("{2150E333-8FDC-42A3-9474-1A3956D46DE8}") = "Solution Items", "Solution Items", "{B5D9C3EE-C113-4BD5-9D91-248957142A8D}"
	ProjectSection(SolutionItems) = preProject
		..\LICENSE = ..\LICENSE
		..\nuget\Plugin.FilePicker.nuspec = ..\nuget\Plugin.FilePicker.nuspec
		..\README.md = ..\README.md
	EndProjectSection
EndProject
Project("{2150E333-8FDC-42A3-9474-1A3956D46DE8}") = "Sample", "Sample", "{2095223B-9B00-41A2-87A2-2ED998C765E1}"
EndProject
Project("{FAE04EC0-301F-11D3-BF4B-00C04F79EFBC}") = "SampleFP.Android", "SampleFP\SampleFP.Android\SampleFP.Android.csproj", "{1DB1194F-49E4-4C5B-AECA-345A12A9F0C5}"
EndProject
Project("{FAE04EC0-301F-11D3-BF4B-00C04F79EFBC}") = "SampleFP.iOS", "SampleFP\SampleFP.iOS\SampleFP.iOS.csproj", "{D2FDA394-8437-4092-8548-E56B2B157B4E}"
EndProject
Project("{FAE04EC0-301F-11D3-BF4B-00C04F79EFBC}") = "SampleFP.UWP", "SampleFP\SampleFP.UWP\SampleFP.UWP.csproj", "{F477A084-34D1-45D6-A5E1-37CC9285112B}"
EndProject
Project("{FAE04EC0-301F-11D3-BF4B-00C04F79EFBC}") = "SampleFP", "SampleFP\SampleFP\SampleFP.csproj", "{B76BC06C-ABF8-4E4A-A7E7-0FD8EF845247}"
EndProject
Global
	GlobalSection(SolutionConfigurationPlatforms) = preSolution
		Ad-Hoc|Any CPU = Ad-Hoc|Any CPU
		Ad-Hoc|ARM = Ad-Hoc|ARM
		Ad-Hoc|iPhone = Ad-Hoc|iPhone
		Ad-Hoc|iPhoneSimulator = Ad-Hoc|iPhoneSimulator
		Ad-Hoc|x64 = Ad-Hoc|x64
		Ad-Hoc|x86 = Ad-Hoc|x86
		AppStore|Any CPU = AppStore|Any CPU
		AppStore|ARM = AppStore|ARM
		AppStore|iPhone = AppStore|iPhone
		AppStore|iPhoneSimulator = AppStore|iPhoneSimulator
		AppStore|x64 = AppStore|x64
		AppStore|x86 = AppStore|x86
		Debug|Any CPU = Debug|Any CPU
		Debug|ARM = Debug|ARM
		Debug|iPhone = Debug|iPhone
		Debug|iPhoneSimulator = Debug|iPhoneSimulator
		Debug|x64 = Debug|x64
		Debug|x86 = Debug|x86
		Release|Any CPU = Release|Any CPU
		Release|ARM = Release|ARM
		Release|iPhone = Release|iPhone
		Release|iPhoneSimulator = Release|iPhoneSimulator
		Release|x64 = Release|x64
		Release|x86 = Release|x86
	EndGlobalSection
	GlobalSection(ProjectConfigurationPlatforms) = postSolution
		{A6FCEF44-D2BA-42C7-B3CB-13667BCD7B54}.Ad-Hoc|Any CPU.ActiveCfg = Debug|Any CPU
		{A6FCEF44-D2BA-42C7-B3CB-13667BCD7B54}.Ad-Hoc|Any CPU.Build.0 = Debug|Any CPU
		{A6FCEF44-D2BA-42C7-B3CB-13667BCD7B54}.Ad-Hoc|ARM.ActiveCfg = Debug|Any CPU
		{A6FCEF44-D2BA-42C7-B3CB-13667BCD7B54}.Ad-Hoc|ARM.Build.0 = Debug|Any CPU
		{A6FCEF44-D2BA-42C7-B3CB-13667BCD7B54}.Ad-Hoc|iPhone.ActiveCfg = Debug|Any CPU
		{A6FCEF44-D2BA-42C7-B3CB-13667BCD7B54}.Ad-Hoc|iPhone.Build.0 = Debug|Any CPU
		{A6FCEF44-D2BA-42C7-B3CB-13667BCD7B54}.Ad-Hoc|iPhoneSimulator.ActiveCfg = Debug|Any CPU
		{A6FCEF44-D2BA-42C7-B3CB-13667BCD7B54}.Ad-Hoc|iPhoneSimulator.Build.0 = Debug|Any CPU
		{A6FCEF44-D2BA-42C7-B3CB-13667BCD7B54}.Ad-Hoc|x64.ActiveCfg = Debug|Any CPU
		{A6FCEF44-D2BA-42C7-B3CB-13667BCD7B54}.Ad-Hoc|x64.Build.0 = Debug|Any CPU
		{A6FCEF44-D2BA-42C7-B3CB-13667BCD7B54}.Ad-Hoc|x86.ActiveCfg = Debug|Any CPU
		{A6FCEF44-D2BA-42C7-B3CB-13667BCD7B54}.Ad-Hoc|x86.Build.0 = Debug|Any CPU
		{A6FCEF44-D2BA-42C7-B3CB-13667BCD7B54}.AppStore|Any CPU.ActiveCfg = Release|Any CPU
		{A6FCEF44-D2BA-42C7-B3CB-13667BCD7B54}.AppStore|Any CPU.Build.0 = Release|Any CPU
		{A6FCEF44-D2BA-42C7-B3CB-13667BCD7B54}.AppStore|ARM.ActiveCfg = Release|Any CPU
		{A6FCEF44-D2BA-42C7-B3CB-13667BCD7B54}.AppStore|ARM.Build.0 = Release|Any CPU
		{A6FCEF44-D2BA-42C7-B3CB-13667BCD7B54}.AppStore|iPhone.ActiveCfg = Debug|Any CPU
		{A6FCEF44-D2BA-42C7-B3CB-13667BCD7B54}.AppStore|iPhone.Build.0 = Debug|Any CPU
		{A6FCEF44-D2BA-42C7-B3CB-13667BCD7B54}.AppStore|iPhoneSimulator.ActiveCfg = Debug|Any CPU
		{A6FCEF44-D2BA-42C7-B3CB-13667BCD7B54}.AppStore|iPhoneSimulator.Build.0 = Debug|Any CPU
		{A6FCEF44-D2BA-42C7-B3CB-13667BCD7B54}.AppStore|x64.ActiveCfg = Release|Any CPU
		{A6FCEF44-D2BA-42C7-B3CB-13667BCD7B54}.AppStore|x64.Build.0 = Release|Any CPU
		{A6FCEF44-D2BA-42C7-B3CB-13667BCD7B54}.AppStore|x86.ActiveCfg = Release|Any CPU
		{A6FCEF44-D2BA-42C7-B3CB-13667BCD7B54}.AppStore|x86.Build.0 = Release|Any CPU
		{A6FCEF44-D2BA-42C7-B3CB-13667BCD7B54}.Debug|Any CPU.ActiveCfg = Debug|Any CPU
		{A6FCEF44-D2BA-42C7-B3CB-13667BCD7B54}.Debug|Any CPU.Build.0 = Debug|Any CPU
		{A6FCEF44-D2BA-42C7-B3CB-13667BCD7B54}.Debug|ARM.ActiveCfg = Debug|Any CPU
		{A6FCEF44-D2BA-42C7-B3CB-13667BCD7B54}.Debug|ARM.Build.0 = Debug|Any CPU
		{A6FCEF44-D2BA-42C7-B3CB-13667BCD7B54}.Debug|iPhone.ActiveCfg = Debug|Any CPU
		{A6FCEF44-D2BA-42C7-B3CB-13667BCD7B54}.Debug|iPhone.Build.0 = Debug|Any CPU
		{A6FCEF44-D2BA-42C7-B3CB-13667BCD7B54}.Debug|iPhoneSimulator.ActiveCfg = Debug|Any CPU
		{A6FCEF44-D2BA-42C7-B3CB-13667BCD7B54}.Debug|iPhoneSimulator.Build.0 = Debug|Any CPU
		{A6FCEF44-D2BA-42C7-B3CB-13667BCD7B54}.Debug|x64.ActiveCfg = Debug|Any CPU
		{A6FCEF44-D2BA-42C7-B3CB-13667BCD7B54}.Debug|x64.Build.0 = Debug|Any CPU
		{A6FCEF44-D2BA-42C7-B3CB-13667BCD7B54}.Debug|x86.ActiveCfg = Debug|Any CPU
		{A6FCEF44-D2BA-42C7-B3CB-13667BCD7B54}.Debug|x86.Build.0 = Debug|Any CPU
		{A6FCEF44-D2BA-42C7-B3CB-13667BCD7B54}.Release|Any CPU.ActiveCfg = Release|Any CPU
		{A6FCEF44-D2BA-42C7-B3CB-13667BCD7B54}.Release|Any CPU.Build.0 = Release|Any CPU
		{A6FCEF44-D2BA-42C7-B3CB-13667BCD7B54}.Release|ARM.ActiveCfg = Release|Any CPU
		{A6FCEF44-D2BA-42C7-B3CB-13667BCD7B54}.Release|ARM.Build.0 = Release|Any CPU
		{A6FCEF44-D2BA-42C7-B3CB-13667BCD7B54}.Release|iPhone.ActiveCfg = Release|Any CPU
		{A6FCEF44-D2BA-42C7-B3CB-13667BCD7B54}.Release|iPhone.Build.0 = Release|Any CPU
		{A6FCEF44-D2BA-42C7-B3CB-13667BCD7B54}.Release|iPhoneSimulator.ActiveCfg = Release|Any CPU
		{A6FCEF44-D2BA-42C7-B3CB-13667BCD7B54}.Release|iPhoneSimulator.Build.0 = Release|Any CPU
		{A6FCEF44-D2BA-42C7-B3CB-13667BCD7B54}.Release|x64.ActiveCfg = Release|Any CPU
		{A6FCEF44-D2BA-42C7-B3CB-13667BCD7B54}.Release|x64.Build.0 = Release|Any CPU
		{A6FCEF44-D2BA-42C7-B3CB-13667BCD7B54}.Release|x86.ActiveCfg = Release|Any CPU
		{A6FCEF44-D2BA-42C7-B3CB-13667BCD7B54}.Release|x86.Build.0 = Release|Any CPU
		{1DB1194F-49E4-4C5B-AECA-345A12A9F0C5}.Ad-Hoc|Any CPU.ActiveCfg = Release|Any CPU
		{1DB1194F-49E4-4C5B-AECA-345A12A9F0C5}.Ad-Hoc|Any CPU.Build.0 = Release|Any CPU
		{1DB1194F-49E4-4C5B-AECA-345A12A9F0C5}.Ad-Hoc|Any CPU.Deploy.0 = Release|Any CPU
		{1DB1194F-49E4-4C5B-AECA-345A12A9F0C5}.Ad-Hoc|ARM.ActiveCfg = Release|Any CPU
		{1DB1194F-49E4-4C5B-AECA-345A12A9F0C5}.Ad-Hoc|ARM.Build.0 = Release|Any CPU
		{1DB1194F-49E4-4C5B-AECA-345A12A9F0C5}.Ad-Hoc|ARM.Deploy.0 = Release|Any CPU
		{1DB1194F-49E4-4C5B-AECA-345A12A9F0C5}.Ad-Hoc|iPhone.ActiveCfg = Release|Any CPU
		{1DB1194F-49E4-4C5B-AECA-345A12A9F0C5}.Ad-Hoc|iPhone.Build.0 = Release|Any CPU
		{1DB1194F-49E4-4C5B-AECA-345A12A9F0C5}.Ad-Hoc|iPhone.Deploy.0 = Release|Any CPU
		{1DB1194F-49E4-4C5B-AECA-345A12A9F0C5}.Ad-Hoc|iPhoneSimulator.ActiveCfg = Release|Any CPU
		{1DB1194F-49E4-4C5B-AECA-345A12A9F0C5}.Ad-Hoc|iPhoneSimulator.Build.0 = Release|Any CPU
		{1DB1194F-49E4-4C5B-AECA-345A12A9F0C5}.Ad-Hoc|iPhoneSimulator.Deploy.0 = Release|Any CPU
		{1DB1194F-49E4-4C5B-AECA-345A12A9F0C5}.Ad-Hoc|x64.ActiveCfg = Release|Any CPU
		{1DB1194F-49E4-4C5B-AECA-345A12A9F0C5}.Ad-Hoc|x64.Build.0 = Release|Any CPU
		{1DB1194F-49E4-4C5B-AECA-345A12A9F0C5}.Ad-Hoc|x64.Deploy.0 = Release|Any CPU
		{1DB1194F-49E4-4C5B-AECA-345A12A9F0C5}.Ad-Hoc|x86.ActiveCfg = Release|Any CPU
		{1DB1194F-49E4-4C5B-AECA-345A12A9F0C5}.Ad-Hoc|x86.Build.0 = Release|Any CPU
		{1DB1194F-49E4-4C5B-AECA-345A12A9F0C5}.Ad-Hoc|x86.Deploy.0 = Release|Any CPU
		{1DB1194F-49E4-4C5B-AECA-345A12A9F0C5}.AppStore|Any CPU.ActiveCfg = Release|Any CPU
		{1DB1194F-49E4-4C5B-AECA-345A12A9F0C5}.AppStore|Any CPU.Build.0 = Release|Any CPU
		{1DB1194F-49E4-4C5B-AECA-345A12A9F0C5}.AppStore|Any CPU.Deploy.0 = Release|Any CPU
		{1DB1194F-49E4-4C5B-AECA-345A12A9F0C5}.AppStore|ARM.ActiveCfg = Release|Any CPU
		{1DB1194F-49E4-4C5B-AECA-345A12A9F0C5}.AppStore|ARM.Build.0 = Release|Any CPU
		{1DB1194F-49E4-4C5B-AECA-345A12A9F0C5}.AppStore|ARM.Deploy.0 = Release|Any CPU
		{1DB1194F-49E4-4C5B-AECA-345A12A9F0C5}.AppStore|iPhone.ActiveCfg = Release|Any CPU
		{1DB1194F-49E4-4C5B-AECA-345A12A9F0C5}.AppStore|iPhone.Build.0 = Release|Any CPU
		{1DB1194F-49E4-4C5B-AECA-345A12A9F0C5}.AppStore|iPhone.Deploy.0 = Release|Any CPU
		{1DB1194F-49E4-4C5B-AECA-345A12A9F0C5}.AppStore|iPhoneSimulator.ActiveCfg = Release|Any CPU
		{1DB1194F-49E4-4C5B-AECA-345A12A9F0C5}.AppStore|iPhoneSimulator.Build.0 = Release|Any CPU
		{1DB1194F-49E4-4C5B-AECA-345A12A9F0C5}.AppStore|iPhoneSimulator.Deploy.0 = Release|Any CPU
		{1DB1194F-49E4-4C5B-AECA-345A12A9F0C5}.AppStore|x64.ActiveCfg = Release|Any CPU
		{1DB1194F-49E4-4C5B-AECA-345A12A9F0C5}.AppStore|x64.Build.0 = Release|Any CPU
		{1DB1194F-49E4-4C5B-AECA-345A12A9F0C5}.AppStore|x64.Deploy.0 = Release|Any CPU
		{1DB1194F-49E4-4C5B-AECA-345A12A9F0C5}.AppStore|x86.ActiveCfg = Release|Any CPU
		{1DB1194F-49E4-4C5B-AECA-345A12A9F0C5}.AppStore|x86.Build.0 = Release|Any CPU
		{1DB1194F-49E4-4C5B-AECA-345A12A9F0C5}.AppStore|x86.Deploy.0 = Release|Any CPU
		{1DB1194F-49E4-4C5B-AECA-345A12A9F0C5}.Debug|Any CPU.ActiveCfg = Debug|Any CPU
		{1DB1194F-49E4-4C5B-AECA-345A12A9F0C5}.Debug|Any CPU.Build.0 = Debug|Any CPU
		{1DB1194F-49E4-4C5B-AECA-345A12A9F0C5}.Debug|Any CPU.Deploy.0 = Debug|Any CPU
		{1DB1194F-49E4-4C5B-AECA-345A12A9F0C5}.Debug|ARM.ActiveCfg = Debug|Any CPU
		{1DB1194F-49E4-4C5B-AECA-345A12A9F0C5}.Debug|ARM.Build.0 = Debug|Any CPU
		{1DB1194F-49E4-4C5B-AECA-345A12A9F0C5}.Debug|ARM.Deploy.0 = Debug|Any CPU
		{1DB1194F-49E4-4C5B-AECA-345A12A9F0C5}.Debug|iPhone.ActiveCfg = Debug|Any CPU
		{1DB1194F-49E4-4C5B-AECA-345A12A9F0C5}.Debug|iPhone.Build.0 = Debug|Any CPU
		{1DB1194F-49E4-4C5B-AECA-345A12A9F0C5}.Debug|iPhone.Deploy.0 = Debug|Any CPU
		{1DB1194F-49E4-4C5B-AECA-345A12A9F0C5}.Debug|iPhoneSimulator.ActiveCfg = Debug|Any CPU
		{1DB1194F-49E4-4C5B-AECA-345A12A9F0C5}.Debug|iPhoneSimulator.Build.0 = Debug|Any CPU
		{1DB1194F-49E4-4C5B-AECA-345A12A9F0C5}.Debug|iPhoneSimulator.Deploy.0 = Debug|Any CPU
		{1DB1194F-49E4-4C5B-AECA-345A12A9F0C5}.Debug|x64.ActiveCfg = Debug|Any CPU
		{1DB1194F-49E4-4C5B-AECA-345A12A9F0C5}.Debug|x64.Build.0 = Debug|Any CPU
		{1DB1194F-49E4-4C5B-AECA-345A12A9F0C5}.Debug|x64.Deploy.0 = Debug|Any CPU
		{1DB1194F-49E4-4C5B-AECA-345A12A9F0C5}.Debug|x86.ActiveCfg = Debug|Any CPU
		{1DB1194F-49E4-4C5B-AECA-345A12A9F0C5}.Debug|x86.Build.0 = Debug|Any CPU
		{1DB1194F-49E4-4C5B-AECA-345A12A9F0C5}.Debug|x86.Deploy.0 = Debug|Any CPU
		{1DB1194F-49E4-4C5B-AECA-345A12A9F0C5}.Release|Any CPU.ActiveCfg = Release|Any CPU
		{1DB1194F-49E4-4C5B-AECA-345A12A9F0C5}.Release|Any CPU.Build.0 = Release|Any CPU
		{1DB1194F-49E4-4C5B-AECA-345A12A9F0C5}.Release|Any CPU.Deploy.0 = Release|Any CPU
		{1DB1194F-49E4-4C5B-AECA-345A12A9F0C5}.Release|ARM.ActiveCfg = Release|Any CPU
		{1DB1194F-49E4-4C5B-AECA-345A12A9F0C5}.Release|ARM.Build.0 = Release|Any CPU
		{1DB1194F-49E4-4C5B-AECA-345A12A9F0C5}.Release|ARM.Deploy.0 = Release|Any CPU
		{1DB1194F-49E4-4C5B-AECA-345A12A9F0C5}.Release|iPhone.ActiveCfg = Release|Any CPU
		{1DB1194F-49E4-4C5B-AECA-345A12A9F0C5}.Release|iPhone.Build.0 = Release|Any CPU
		{1DB1194F-49E4-4C5B-AECA-345A12A9F0C5}.Release|iPhone.Deploy.0 = Release|Any CPU
		{1DB1194F-49E4-4C5B-AECA-345A12A9F0C5}.Release|iPhoneSimulator.ActiveCfg = Release|Any CPU
		{1DB1194F-49E4-4C5B-AECA-345A12A9F0C5}.Release|iPhoneSimulator.Build.0 = Release|Any CPU
		{1DB1194F-49E4-4C5B-AECA-345A12A9F0C5}.Release|iPhoneSimulator.Deploy.0 = Release|Any CPU
		{1DB1194F-49E4-4C5B-AECA-345A12A9F0C5}.Release|x64.ActiveCfg = Release|Any CPU
		{1DB1194F-49E4-4C5B-AECA-345A12A9F0C5}.Release|x64.Build.0 = Release|Any CPU
		{1DB1194F-49E4-4C5B-AECA-345A12A9F0C5}.Release|x64.Deploy.0 = Release|Any CPU
		{1DB1194F-49E4-4C5B-AECA-345A12A9F0C5}.Release|x86.ActiveCfg = Release|Any CPU
		{1DB1194F-49E4-4C5B-AECA-345A12A9F0C5}.Release|x86.Build.0 = Release|Any CPU
		{1DB1194F-49E4-4C5B-AECA-345A12A9F0C5}.Release|x86.Deploy.0 = Release|Any CPU
		{D2FDA394-8437-4092-8548-E56B2B157B4E}.Ad-Hoc|Any CPU.ActiveCfg = Ad-Hoc|iPhone
		{D2FDA394-8437-4092-8548-E56B2B157B4E}.Ad-Hoc|ARM.ActiveCfg = Ad-Hoc|iPhone
		{D2FDA394-8437-4092-8548-E56B2B157B4E}.Ad-Hoc|iPhone.ActiveCfg = Ad-Hoc|iPhone
		{D2FDA394-8437-4092-8548-E56B2B157B4E}.Ad-Hoc|iPhone.Build.0 = Ad-Hoc|iPhone
		{D2FDA394-8437-4092-8548-E56B2B157B4E}.Ad-Hoc|iPhoneSimulator.ActiveCfg = Ad-Hoc|iPhoneSimulator
		{D2FDA394-8437-4092-8548-E56B2B157B4E}.Ad-Hoc|iPhoneSimulator.Build.0 = Ad-Hoc|iPhoneSimulator
		{D2FDA394-8437-4092-8548-E56B2B157B4E}.Ad-Hoc|x64.ActiveCfg = Ad-Hoc|iPhone
		{D2FDA394-8437-4092-8548-E56B2B157B4E}.Ad-Hoc|x86.ActiveCfg = Ad-Hoc|iPhone
		{D2FDA394-8437-4092-8548-E56B2B157B4E}.AppStore|Any CPU.ActiveCfg = AppStore|iPhone
		{D2FDA394-8437-4092-8548-E56B2B157B4E}.AppStore|ARM.ActiveCfg = AppStore|iPhone
		{D2FDA394-8437-4092-8548-E56B2B157B4E}.AppStore|iPhone.ActiveCfg = AppStore|iPhone
		{D2FDA394-8437-4092-8548-E56B2B157B4E}.AppStore|iPhone.Build.0 = AppStore|iPhone
		{D2FDA394-8437-4092-8548-E56B2B157B4E}.AppStore|iPhoneSimulator.ActiveCfg = AppStore|iPhoneSimulator
		{D2FDA394-8437-4092-8548-E56B2B157B4E}.AppStore|iPhoneSimulator.Build.0 = AppStore|iPhoneSimulator
		{D2FDA394-8437-4092-8548-E56B2B157B4E}.AppStore|x64.ActiveCfg = AppStore|iPhone
		{D2FDA394-8437-4092-8548-E56B2B157B4E}.AppStore|x86.ActiveCfg = AppStore|iPhone
		{D2FDA394-8437-4092-8548-E56B2B157B4E}.Debug|Any CPU.ActiveCfg = Debug|iPhone
		{D2FDA394-8437-4092-8548-E56B2B157B4E}.Debug|ARM.ActiveCfg = Debug|iPhone
		{D2FDA394-8437-4092-8548-E56B2B157B4E}.Debug|iPhone.ActiveCfg = Debug|iPhone
		{D2FDA394-8437-4092-8548-E56B2B157B4E}.Debug|iPhone.Build.0 = Debug|iPhone
		{D2FDA394-8437-4092-8548-E56B2B157B4E}.Debug|iPhoneSimulator.ActiveCfg = Debug|iPhoneSimulator
		{D2FDA394-8437-4092-8548-E56B2B157B4E}.Debug|iPhoneSimulator.Build.0 = Debug|iPhoneSimulator
		{D2FDA394-8437-4092-8548-E56B2B157B4E}.Debug|x64.ActiveCfg = Debug|iPhone
		{D2FDA394-8437-4092-8548-E56B2B157B4E}.Debug|x86.ActiveCfg = Debug|iPhone
		{D2FDA394-8437-4092-8548-E56B2B157B4E}.Release|Any CPU.ActiveCfg = Release|iPhone
		{D2FDA394-8437-4092-8548-E56B2B157B4E}.Release|ARM.ActiveCfg = Release|iPhone
		{D2FDA394-8437-4092-8548-E56B2B157B4E}.Release|iPhone.ActiveCfg = Release|iPhone
		{D2FDA394-8437-4092-8548-E56B2B157B4E}.Release|iPhone.Build.0 = Release|iPhone
		{D2FDA394-8437-4092-8548-E56B2B157B4E}.Release|iPhoneSimulator.ActiveCfg = Release|iPhoneSimulator
		{D2FDA394-8437-4092-8548-E56B2B157B4E}.Release|iPhoneSimulator.Build.0 = Release|iPhoneSimulator
		{D2FDA394-8437-4092-8548-E56B2B157B4E}.Release|x64.ActiveCfg = Release|iPhone
		{D2FDA394-8437-4092-8548-E56B2B157B4E}.Release|x86.ActiveCfg = Release|iPhone
		{F477A084-34D1-45D6-A5E1-37CC9285112B}.Ad-Hoc|Any CPU.ActiveCfg = Release|x86
		{F477A084-34D1-45D6-A5E1-37CC9285112B}.Ad-Hoc|Any CPU.Build.0 = Release|x86
		{F477A084-34D1-45D6-A5E1-37CC9285112B}.Ad-Hoc|Any CPU.Deploy.0 = Release|x86
		{F477A084-34D1-45D6-A5E1-37CC9285112B}.Ad-Hoc|ARM.ActiveCfg = Release|ARM
		{F477A084-34D1-45D6-A5E1-37CC9285112B}.Ad-Hoc|ARM.Build.0 = Release|ARM
		{F477A084-34D1-45D6-A5E1-37CC9285112B}.Ad-Hoc|ARM.Deploy.0 = Release|ARM
		{F477A084-34D1-45D6-A5E1-37CC9285112B}.Ad-Hoc|iPhone.ActiveCfg = Release|x86
		{F477A084-34D1-45D6-A5E1-37CC9285112B}.Ad-Hoc|iPhone.Build.0 = Release|x86
		{F477A084-34D1-45D6-A5E1-37CC9285112B}.Ad-Hoc|iPhone.Deploy.0 = Release|x86
		{F477A084-34D1-45D6-A5E1-37CC9285112B}.Ad-Hoc|iPhoneSimulator.ActiveCfg = Release|x86
		{F477A084-34D1-45D6-A5E1-37CC9285112B}.Ad-Hoc|iPhoneSimulator.Build.0 = Release|x86
		{F477A084-34D1-45D6-A5E1-37CC9285112B}.Ad-Hoc|iPhoneSimulator.Deploy.0 = Release|x86
		{F477A084-34D1-45D6-A5E1-37CC9285112B}.Ad-Hoc|x64.ActiveCfg = Release|x64
		{F477A084-34D1-45D6-A5E1-37CC9285112B}.Ad-Hoc|x64.Build.0 = Release|x64
		{F477A084-34D1-45D6-A5E1-37CC9285112B}.Ad-Hoc|x64.Deploy.0 = Release|x64
		{F477A084-34D1-45D6-A5E1-37CC9285112B}.Ad-Hoc|x86.ActiveCfg = Release|x86
		{F477A084-34D1-45D6-A5E1-37CC9285112B}.Ad-Hoc|x86.Build.0 = Release|x86
		{F477A084-34D1-45D6-A5E1-37CC9285112B}.Ad-Hoc|x86.Deploy.0 = Release|x86
		{F477A084-34D1-45D6-A5E1-37CC9285112B}.AppStore|Any CPU.ActiveCfg = Release|x86
		{F477A084-34D1-45D6-A5E1-37CC9285112B}.AppStore|Any CPU.Build.0 = Release|x86
		{F477A084-34D1-45D6-A5E1-37CC9285112B}.AppStore|Any CPU.Deploy.0 = Release|x86
		{F477A084-34D1-45D6-A5E1-37CC9285112B}.AppStore|ARM.ActiveCfg = Release|ARM
		{F477A084-34D1-45D6-A5E1-37CC9285112B}.AppStore|ARM.Build.0 = Release|ARM
		{F477A084-34D1-45D6-A5E1-37CC9285112B}.AppStore|ARM.Deploy.0 = Release|ARM
		{F477A084-34D1-45D6-A5E1-37CC9285112B}.AppStore|iPhone.ActiveCfg = Release|x86
		{F477A084-34D1-45D6-A5E1-37CC9285112B}.AppStore|iPhone.Build.0 = Release|x86
		{F477A084-34D1-45D6-A5E1-37CC9285112B}.AppStore|iPhone.Deploy.0 = Release|x86
		{F477A084-34D1-45D6-A5E1-37CC9285112B}.AppStore|iPhoneSimulator.ActiveCfg = Release|x86
		{F477A084-34D1-45D6-A5E1-37CC9285112B}.AppStore|iPhoneSimulator.Build.0 = Release|x86
		{F477A084-34D1-45D6-A5E1-37CC9285112B}.AppStore|iPhoneSimulator.Deploy.0 = Release|x86
		{F477A084-34D1-45D6-A5E1-37CC9285112B}.AppStore|x64.ActiveCfg = Release|x64
		{F477A084-34D1-45D6-A5E1-37CC9285112B}.AppStore|x64.Build.0 = Release|x64
		{F477A084-34D1-45D6-A5E1-37CC9285112B}.AppStore|x64.Deploy.0 = Release|x64
		{F477A084-34D1-45D6-A5E1-37CC9285112B}.AppStore|x86.ActiveCfg = Release|x86
		{F477A084-34D1-45D6-A5E1-37CC9285112B}.AppStore|x86.Build.0 = Release|x86
		{F477A084-34D1-45D6-A5E1-37CC9285112B}.AppStore|x86.Deploy.0 = Release|x86
		{F477A084-34D1-45D6-A5E1-37CC9285112B}.Debug|Any CPU.ActiveCfg = Debug|x86
		{F477A084-34D1-45D6-A5E1-37CC9285112B}.Debug|ARM.ActiveCfg = Debug|ARM
		{F477A084-34D1-45D6-A5E1-37CC9285112B}.Debug|ARM.Build.0 = Debug|ARM
		{F477A084-34D1-45D6-A5E1-37CC9285112B}.Debug|ARM.Deploy.0 = Debug|ARM
		{F477A084-34D1-45D6-A5E1-37CC9285112B}.Debug|iPhone.ActiveCfg = Debug|x86
		{F477A084-34D1-45D6-A5E1-37CC9285112B}.Debug|iPhoneSimulator.ActiveCfg = Debug|x86
		{F477A084-34D1-45D6-A5E1-37CC9285112B}.Debug|x64.ActiveCfg = Debug|x64
		{F477A084-34D1-45D6-A5E1-37CC9285112B}.Debug|x64.Build.0 = Debug|x64
		{F477A084-34D1-45D6-A5E1-37CC9285112B}.Debug|x64.Deploy.0 = Debug|x64
		{F477A084-34D1-45D6-A5E1-37CC9285112B}.Debug|x86.ActiveCfg = Debug|x86
		{F477A084-34D1-45D6-A5E1-37CC9285112B}.Debug|x86.Build.0 = Debug|x86
		{F477A084-34D1-45D6-A5E1-37CC9285112B}.Debug|x86.Deploy.0 = Debug|x86
		{F477A084-34D1-45D6-A5E1-37CC9285112B}.Release|Any CPU.ActiveCfg = Release|x86
		{F477A084-34D1-45D6-A5E1-37CC9285112B}.Release|ARM.ActiveCfg = Release|ARM
		{F477A084-34D1-45D6-A5E1-37CC9285112B}.Release|ARM.Build.0 = Release|ARM
		{F477A084-34D1-45D6-A5E1-37CC9285112B}.Release|ARM.Deploy.0 = Release|ARM
		{F477A084-34D1-45D6-A5E1-37CC9285112B}.Release|iPhone.ActiveCfg = Release|x86
		{F477A084-34D1-45D6-A5E1-37CC9285112B}.Release|iPhoneSimulator.ActiveCfg = Release|x86
		{F477A084-34D1-45D6-A5E1-37CC9285112B}.Release|x64.ActiveCfg = Release|x64
		{F477A084-34D1-45D6-A5E1-37CC9285112B}.Release|x64.Build.0 = Release|x64
		{F477A084-34D1-45D6-A5E1-37CC9285112B}.Release|x64.Deploy.0 = Release|x64
		{F477A084-34D1-45D6-A5E1-37CC9285112B}.Release|x86.ActiveCfg = Release|x86
		{F477A084-34D1-45D6-A5E1-37CC9285112B}.Release|x86.Build.0 = Release|x86
		{F477A084-34D1-45D6-A5E1-37CC9285112B}.Release|x86.Deploy.0 = Release|x86
		{B76BC06C-ABF8-4E4A-A7E7-0FD8EF845247}.Ad-Hoc|Any CPU.ActiveCfg = Debug|Any CPU
		{B76BC06C-ABF8-4E4A-A7E7-0FD8EF845247}.Ad-Hoc|Any CPU.Build.0 = Debug|Any CPU
		{B76BC06C-ABF8-4E4A-A7E7-0FD8EF845247}.Ad-Hoc|ARM.ActiveCfg = Debug|Any CPU
		{B76BC06C-ABF8-4E4A-A7E7-0FD8EF845247}.Ad-Hoc|ARM.Build.0 = Debug|Any CPU
		{B76BC06C-ABF8-4E4A-A7E7-0FD8EF845247}.Ad-Hoc|iPhone.ActiveCfg = Debug|Any CPU
		{B76BC06C-ABF8-4E4A-A7E7-0FD8EF845247}.Ad-Hoc|iPhone.Build.0 = Debug|Any CPU
		{B76BC06C-ABF8-4E4A-A7E7-0FD8EF845247}.Ad-Hoc|iPhoneSimulator.ActiveCfg = Debug|Any CPU
		{B76BC06C-ABF8-4E4A-A7E7-0FD8EF845247}.Ad-Hoc|iPhoneSimulator.Build.0 = Debug|Any CPU
		{B76BC06C-ABF8-4E4A-A7E7-0FD8EF845247}.Ad-Hoc|x64.ActiveCfg = Debug|Any CPU
		{B76BC06C-ABF8-4E4A-A7E7-0FD8EF845247}.Ad-Hoc|x64.Build.0 = Debug|Any CPU
		{B76BC06C-ABF8-4E4A-A7E7-0FD8EF845247}.Ad-Hoc|x86.ActiveCfg = Debug|Any CPU
		{B76BC06C-ABF8-4E4A-A7E7-0FD8EF845247}.Ad-Hoc|x86.Build.0 = Debug|Any CPU
		{B76BC06C-ABF8-4E4A-A7E7-0FD8EF845247}.AppStore|Any CPU.ActiveCfg = Debug|Any CPU
		{B76BC06C-ABF8-4E4A-A7E7-0FD8EF845247}.AppStore|Any CPU.Build.0 = Debug|Any CPU
		{B76BC06C-ABF8-4E4A-A7E7-0FD8EF845247}.AppStore|ARM.ActiveCfg = Debug|Any CPU
		{B76BC06C-ABF8-4E4A-A7E7-0FD8EF845247}.AppStore|ARM.Build.0 = Debug|Any CPU
		{B76BC06C-ABF8-4E4A-A7E7-0FD8EF845247}.AppStore|iPhone.ActiveCfg = Debug|Any CPU
		{B76BC06C-ABF8-4E4A-A7E7-0FD8EF845247}.AppStore|iPhone.Build.0 = Debug|Any CPU
		{B76BC06C-ABF8-4E4A-A7E7-0FD8EF845247}.AppStore|iPhoneSimulator.ActiveCfg = Debug|Any CPU
		{B76BC06C-ABF8-4E4A-A7E7-0FD8EF845247}.AppStore|iPhoneSimulator.Build.0 = Debug|Any CPU
		{B76BC06C-ABF8-4E4A-A7E7-0FD8EF845247}.AppStore|x64.ActiveCfg = Debug|Any CPU
		{B76BC06C-ABF8-4E4A-A7E7-0FD8EF845247}.AppStore|x64.Build.0 = Debug|Any CPU
		{B76BC06C-ABF8-4E4A-A7E7-0FD8EF845247}.AppStore|x86.ActiveCfg = Debug|Any CPU
		{B76BC06C-ABF8-4E4A-A7E7-0FD8EF845247}.AppStore|x86.Build.0 = Debug|Any CPU
		{B76BC06C-ABF8-4E4A-A7E7-0FD8EF845247}.Debug|Any CPU.ActiveCfg = Debug|Any CPU
		{B76BC06C-ABF8-4E4A-A7E7-0FD8EF845247}.Debug|Any CPU.Build.0 = Debug|Any CPU
		{B76BC06C-ABF8-4E4A-A7E7-0FD8EF845247}.Debug|ARM.ActiveCfg = Debug|Any CPU
		{B76BC06C-ABF8-4E4A-A7E7-0FD8EF845247}.Debug|ARM.Build.0 = Debug|Any CPU
		{B76BC06C-ABF8-4E4A-A7E7-0FD8EF845247}.Debug|iPhone.ActiveCfg = Debug|Any CPU
		{B76BC06C-ABF8-4E4A-A7E7-0FD8EF845247}.Debug|iPhone.Build.0 = Debug|Any CPU
		{B76BC06C-ABF8-4E4A-A7E7-0FD8EF845247}.Debug|iPhoneSimulator.ActiveCfg = Debug|Any CPU
		{B76BC06C-ABF8-4E4A-A7E7-0FD8EF845247}.Debug|iPhoneSimulator.Build.0 = Debug|Any CPU
		{B76BC06C-ABF8-4E4A-A7E7-0FD8EF845247}.Debug|x64.ActiveCfg = Debug|Any CPU
		{B76BC06C-ABF8-4E4A-A7E7-0FD8EF845247}.Debug|x64.Build.0 = Debug|Any CPU
		{B76BC06C-ABF8-4E4A-A7E7-0FD8EF845247}.Debug|x86.ActiveCfg = Debug|Any CPU
		{B76BC06C-ABF8-4E4A-A7E7-0FD8EF845247}.Debug|x86.Build.0 = Debug|Any CPU
		{B76BC06C-ABF8-4E4A-A7E7-0FD8EF845247}.Release|Any CPU.ActiveCfg = Release|Any CPU
		{B76BC06C-ABF8-4E4A-A7E7-0FD8EF845247}.Release|Any CPU.Build.0 = Release|Any CPU
		{B76BC06C-ABF8-4E4A-A7E7-0FD8EF845247}.Release|ARM.ActiveCfg = Release|Any CPU
		{B76BC06C-ABF8-4E4A-A7E7-0FD8EF845247}.Release|ARM.Build.0 = Release|Any CPU
		{B76BC06C-ABF8-4E4A-A7E7-0FD8EF845247}.Release|iPhone.ActiveCfg = Release|Any CPU
		{B76BC06C-ABF8-4E4A-A7E7-0FD8EF845247}.Release|iPhone.Build.0 = Release|Any CPU
		{B76BC06C-ABF8-4E4A-A7E7-0FD8EF845247}.Release|iPhoneSimulator.ActiveCfg = Release|Any CPU
		{B76BC06C-ABF8-4E4A-A7E7-0FD8EF845247}.Release|iPhoneSimulator.Build.0 = Release|Any CPU
		{B76BC06C-ABF8-4E4A-A7E7-0FD8EF845247}.Release|x64.ActiveCfg = Release|Any CPU
		{B76BC06C-ABF8-4E4A-A7E7-0FD8EF845247}.Release|x64.Build.0 = Release|Any CPU
		{B76BC06C-ABF8-4E4A-A7E7-0FD8EF845247}.Release|x86.ActiveCfg = Release|Any CPU
		{B76BC06C-ABF8-4E4A-A7E7-0FD8EF845247}.Release|x86.Build.0 = Release|Any CPU
	EndGlobalSection
	GlobalSection(SolutionProperties) = preSolution
		HideSolutionNode = FALSE
	EndGlobalSection
	GlobalSection(NestedProjects) = preSolution
		{1DB1194F-49E4-4C5B-AECA-345A12A9F0C5} = {2095223B-9B00-41A2-87A2-2ED998C765E1}
		{D2FDA394-8437-4092-8548-E56B2B157B4E} = {2095223B-9B00-41A2-87A2-2ED998C765E1}
		{F477A084-34D1-45D6-A5E1-37CC9285112B} = {2095223B-9B00-41A2-87A2-2ED998C765E1}
		{B76BC06C-ABF8-4E4A-A7E7-0FD8EF845247} = {2095223B-9B00-41A2-87A2-2ED998C765E1}
	EndGlobalSection
	GlobalSection(ExtensibilityGlobals) = postSolution
		SolutionGuid = {6CA30A0C-C611-4A63-A916-AB979063E397}
	EndGlobalSection
EndGlobal
